// !$*UTF8*$!
{
	archiveVersion = 1;
	classes = {
	};
	objectVersion = 55;
	objects = {

/* Begin PBXBuildFile section */
		7953631C280DC44C00AB8600 /* EtablissementStore.swift in Sources */ = {isa = PBXBuildFile; fileRef = 7953631B280DC44B00AB8600 /* EtablissementStore.swift */; };
		7953631D280DC44C00AB8600 /* EtablissementStore.swift in Sources */ = {isa = PBXBuildFile; fileRef = 7953631B280DC44B00AB8600 /* EtablissementStore.swift */; };
		7953631F280DC4D800AB8600 /* ClassStore.swift in Sources */ = {isa = PBXBuildFile; fileRef = 7953631E280DC4D800AB8600 /* ClassStore.swift */; };
		79536320280DC4D800AB8600 /* ClassStore.swift in Sources */ = {isa = PBXBuildFile; fileRef = 7953631E280DC4D800AB8600 /* ClassStore.swift */; };
		795FAB292809C4E2004CB120 /* EtablissementBrowserView.swift in Sources */ = {isa = PBXBuildFile; fileRef = 795FAB282809C4E2004CB120 /* EtablissementBrowserView.swift */; };
		795FAB2B2809C813004CB120 /* EtablissementRow.swift in Sources */ = {isa = PBXBuildFile; fileRef = 795FAB2A2809C813004CB120 /* EtablissementRow.swift */; };
		795FAB2D2809C830004CB120 /* EtablissementEditor.swift in Sources */ = {isa = PBXBuildFile; fileRef = 795FAB2C2809C830004CB120 /* EtablissementEditor.swift */; };
		795FAB2F2809E54C004CB120 /* EtablissementDetail.swift in Sources */ = {isa = PBXBuildFile; fileRef = 795FAB2E2809E54C004CB120 /* EtablissementDetail.swift */; };
		795FAB312809FB0B004CB120 /* HelpersView in Frameworks */ = {isa = PBXBuildFile; productRef = 795FAB302809FB0B004CB120 /* HelpersView */; };
		795FAB33280A1C33004CB120 /* ClassRow.swift in Sources */ = {isa = PBXBuildFile; fileRef = 795FAB32280A1C33004CB120 /* ClassRow.swift */; };
		797FA2E8280ACFD7002524F3 /* Fakes.swift in Sources */ = {isa = PBXBuildFile; fileRef = 797FA2E7280ACFD7002524F3 /* Fakes.swift */; };
		797FA2E9280ACFD7002524F3 /* Fakes.swift in Sources */ = {isa = PBXBuildFile; fileRef = 797FA2E7280ACFD7002524F3 /* Fakes.swift */; };
		79F3ABA72808218300D068D9 /* Tests_iOS.swift in Sources */ = {isa = PBXBuildFile; fileRef = 79F3ABA62808218300D068D9 /* Tests_iOS.swift */; };
		79F3ABA92808218300D068D9 /* Tests_iOSLaunchTests.swift in Sources */ = {isa = PBXBuildFile; fileRef = 79F3ABA82808218300D068D9 /* Tests_iOSLaunchTests.swift */; };
		79F3ABB32808218300D068D9 /* Tests_macOS.swift in Sources */ = {isa = PBXBuildFile; fileRef = 79F3ABB22808218300D068D9 /* Tests_macOS.swift */; };
		79F3ABB52808218300D068D9 /* Tests_macOSLaunchTests.swift in Sources */ = {isa = PBXBuildFile; fileRef = 79F3ABB42808218300D068D9 /* Tests_macOSLaunchTests.swift */; };
		79F3ABB62808218300D068D9 /* Cahier_du_ProfesseurApp.swift in Sources */ = {isa = PBXBuildFile; fileRef = 79F3AB8E2808218100D068D9 /* Cahier_du_ProfesseurApp.swift */; };
		79F3ABB72808218300D068D9 /* Cahier_du_ProfesseurApp.swift in Sources */ = {isa = PBXBuildFile; fileRef = 79F3AB8E2808218100D068D9 /* Cahier_du_ProfesseurApp.swift */; };
		79F3ABB82808218300D068D9 /* ContentView.swift in Sources */ = {isa = PBXBuildFile; fileRef = 79F3AB8F2808218100D068D9 /* ContentView.swift */; };
		79F3ABB92808218300D068D9 /* ContentView.swift in Sources */ = {isa = PBXBuildFile; fileRef = 79F3AB8F2808218100D068D9 /* ContentView.swift */; };
		79F3ABBA2808218300D068D9 /* Assets.xcassets in Resources */ = {isa = PBXBuildFile; fileRef = 79F3AB902808218300D068D9 /* Assets.xcassets */; };
		79F3ABBB2808218300D068D9 /* Assets.xcassets in Resources */ = {isa = PBXBuildFile; fileRef = 79F3AB902808218300D068D9 /* Assets.xcassets */; };
		79F3ABCD2808222C00D068D9 /* Etablissement.swift in Sources */ = {isa = PBXBuildFile; fileRef = 79F3ABCC2808222C00D068D9 /* Etablissement.swift */; };
		79F3ABCE2808222C00D068D9 /* Etablissement.swift in Sources */ = {isa = PBXBuildFile; fileRef = 79F3ABCC2808222C00D068D9 /* Etablissement.swift */; };
		79F3ABD02808225800D068D9 /* Classe.swift in Sources */ = {isa = PBXBuildFile; fileRef = 79F3ABCF2808225800D068D9 /* Classe.swift */; };
		79F3ABD12808225800D068D9 /* Classe.swift in Sources */ = {isa = PBXBuildFile; fileRef = 79F3ABCF2808225800D068D9 /* Classe.swift */; };
		79F3ABD32808229A00D068D9 /* Eleve.swift in Sources */ = {isa = PBXBuildFile; fileRef = 79F3ABD22808229A00D068D9 /* Eleve.swift */; };
		79F3ABD42808229A00D068D9 /* Eleve.swift in Sources */ = {isa = PBXBuildFile; fileRef = 79F3ABD22808229A00D068D9 /* Eleve.swift */; };
		79F3ABD6280822BD00D068D9 /* NiveauClasse.swift in Sources */ = {isa = PBXBuildFile; fileRef = 79F3ABD5280822BD00D068D9 /* NiveauClasse.swift */; };
		79F3ABD7280822BD00D068D9 /* NiveauClasse.swift in Sources */ = {isa = PBXBuildFile; fileRef = 79F3ABD5280822BD00D068D9 /* NiveauClasse.swift */; };
		79F3ABD9280823D900D068D9 /* NiveauEtablissement.swift in Sources */ = {isa = PBXBuildFile; fileRef = 79F3ABD8280823D900D068D9 /* NiveauEtablissement.swift */; };
		79F3ABDA280823D900D068D9 /* NiveauEtablissement.swift in Sources */ = {isa = PBXBuildFile; fileRef = 79F3ABD8280823D900D068D9 /* NiveauEtablissement.swift */; };
		79F3ABDC280826A400D068D9 /* Sexe.swift in Sources */ = {isa = PBXBuildFile; fileRef = 79F3ABDB280826A400D068D9 /* Sexe.swift */; };
		79F3ABDD280826A400D068D9 /* Sexe.swift in Sources */ = {isa = PBXBuildFile; fileRef = 79F3ABDB280826A400D068D9 /* Sexe.swift */; };
		79F3ABE02808305400D068D9 /* AppFoundation in Frameworks */ = {isa = PBXBuildFile; productRef = 79F3ABDF2808305400D068D9 /* AppFoundation */; };
		79F3ABE7280844C000D068D9 /* ClasseManager.swift in Sources */ = {isa = PBXBuildFile; fileRef = 79F3ABE6280844C000D068D9 /* ClasseManager.swift */; };
		79F3ABE8280844C000D068D9 /* ClasseManager.swift in Sources */ = {isa = PBXBuildFile; fileRef = 79F3ABE6280844C000D068D9 /* ClasseManager.swift */; };
		79F3ABEA28086C4F00D068D9 /* EtablissementManager.swift in Sources */ = {isa = PBXBuildFile; fileRef = 79F3ABE928086C4F00D068D9 /* EtablissementManager.swift */; };
		79F3ABEB28086C4F00D068D9 /* EtablissementManager.swift in Sources */ = {isa = PBXBuildFile; fileRef = 79F3ABE928086C4F00D068D9 /* EtablissementManager.swift */; };
		79F3ABEF2808709100D068D9 /* Colle.swift in Sources */ = {isa = PBXBuildFile; fileRef = 79F3ABEE2808709100D068D9 /* Colle.swift */; };
		79F3ABF02808709100D068D9 /* Colle.swift in Sources */ = {isa = PBXBuildFile; fileRef = 79F3ABEE2808709100D068D9 /* Colle.swift */; };
		79F3ABF228087D5600D068D9 /* Observation.swift in Sources */ = {isa = PBXBuildFile; fileRef = 79F3ABF128087D5600D068D9 /* Observation.swift */; };
		79F3ABF328087D5600D068D9 /* Observation.swift in Sources */ = {isa = PBXBuildFile; fileRef = 79F3ABF128087D5600D068D9 /* Observation.swift */; };
		79F3ABF5280880CC00D068D9 /* ObservationManager.swift in Sources */ = {isa = PBXBuildFile; fileRef = 79F3ABF4280880CC00D068D9 /* ObservationManager.swift */; };
		79F3ABF6280880CC00D068D9 /* ObservationManager.swift in Sources */ = {isa = PBXBuildFile; fileRef = 79F3ABF4280880CC00D068D9 /* ObservationManager.swift */; };
		79F3ABF82808818D00D068D9 /* ColleManager.swift in Sources */ = {isa = PBXBuildFile; fileRef = 79F3ABF72808818D00D068D9 /* ColleManager.swift */; };
		79F3ABF92808818D00D068D9 /* ColleManager.swift in Sources */ = {isa = PBXBuildFile; fileRef = 79F3ABF72808818D00D068D9 /* ColleManager.swift */; };
		79F3ABFB2808845400D068D9 /* Store.swift in Sources */ = {isa = PBXBuildFile; fileRef = 79F3ABFA2808845400D068D9 /* Store.swift */; };
		79F3ABFC2808845400D068D9 /* Store.swift in Sources */ = {isa = PBXBuildFile; fileRef = 79F3ABFA2808845400D068D9 /* Store.swift */; };
		79F3ABFE2808C68700D068D9 /* UIState.swift in Sources */ = {isa = PBXBuildFile; fileRef = 79F3ABFD2808C68700D068D9 /* UIState.swift */; };
		79F3ABFF2808C68700D068D9 /* UIState.swift in Sources */ = {isa = PBXBuildFile; fileRef = 79F3ABFD2808C68700D068D9 /* UIState.swift */; };
		79F3AC012808C76B00D068D9 /* MainScene.swift in Sources */ = {isa = PBXBuildFile; fileRef = 79F3AC002808C76A00D068D9 /* MainScene.swift */; };
		79F3AC022808C76B00D068D9 /* MainScene.swift in Sources */ = {isa = PBXBuildFile; fileRef = 79F3AC002808C76A00D068D9 /* MainScene.swift */; };
		79F3AC042808CA2500D068D9 /* EtablissementSidebarView.swift in Sources */ = {isa = PBXBuildFile; fileRef = 79F3AC032808CA2500D068D9 /* EtablissementSidebarView.swift */; };
		79F3AC072808CA4C00D068D9 /* ClasseSidebarView.swift in Sources */ = {isa = PBXBuildFile; fileRef = 79F3AC062808CA4C00D068D9 /* ClasseSidebarView.swift */; };
		79F3AC082808CA4C00D068D9 /* ClasseSidebarView.swift in Sources */ = {isa = PBXBuildFile; fileRef = 79F3AC062808CA4C00D068D9 /* ClasseSidebarView.swift */; };
		79F3AC0A2808CA6E00D068D9 /* EleveSidebarView.swift in Sources */ = {isa = PBXBuildFile; fileRef = 79F3AC092808CA6E00D068D9 /* EleveSidebarView.swift */; };
		79F3AC0B2808CA6E00D068D9 /* EleveSidebarView.swift in Sources */ = {isa = PBXBuildFile; fileRef = 79F3AC092808CA6E00D068D9 /* EleveSidebarView.swift */; };
		79F3AC0D2808CA8700D068D9 /* ColleSidebarView.swift in Sources */ = {isa = PBXBuildFile; fileRef = 79F3AC0C2808CA8700D068D9 /* ColleSidebarView.swift */; };
		79F3AC0E2808CA8700D068D9 /* ColleSidebarView.swift in Sources */ = {isa = PBXBuildFile; fileRef = 79F3AC0C2808CA8700D068D9 /* ColleSidebarView.swift */; };
		79F3AC102808CAA600D068D9 /* ObservSidebarView.swift in Sources */ = {isa = PBXBuildFile; fileRef = 79F3AC0F2808CAA600D068D9 /* ObservSidebarView.swift */; };
		79F3AC112808CAA600D068D9 /* ObservSidebarView.swift in Sources */ = {isa = PBXBuildFile; fileRef = 79F3AC0F2808CAA600D068D9 /* ObservSidebarView.swift */; };
/* End PBXBuildFile section */

/* Begin PBXContainerItemProxy section */
		79F3ABA32808218300D068D9 /* PBXContainerItemProxy */ = {
			isa = PBXContainerItemProxy;
			containerPortal = 79F3AB892808218000D068D9 /* Project object */;
			proxyType = 1;
			remoteGlobalIDString = 79F3AB942808218300D068D9;
			remoteInfo = "Cahier du Professeur (iOS)";
		};
		79F3ABAF2808218300D068D9 /* PBXContainerItemProxy */ = {
			isa = PBXContainerItemProxy;
			containerPortal = 79F3AB892808218000D068D9 /* Project object */;
			proxyType = 1;
			remoteGlobalIDString = 79F3AB9A2808218300D068D9;
			remoteInfo = "Cahier du Professeur (macOS)";
		};
/* End PBXContainerItemProxy section */

/* Begin PBXFileReference section */
		7953631B280DC44B00AB8600 /* EtablissementStore.swift */ = {isa = PBXFileReference; lastKnownFileType = sourcecode.swift; path = EtablissementStore.swift; sourceTree = "<group>"; };
		7953631E280DC4D800AB8600 /* ClassStore.swift */ = {isa = PBXFileReference; lastKnownFileType = sourcecode.swift; path = ClassStore.swift; sourceTree = "<group>"; };
		795FAB282809C4E2004CB120 /* EtablissementBrowserView.swift */ = {isa = PBXFileReference; lastKnownFileType = sourcecode.swift; path = EtablissementBrowserView.swift; sourceTree = "<group>"; };
		795FAB2A2809C813004CB120 /* EtablissementRow.swift */ = {isa = PBXFileReference; lastKnownFileType = sourcecode.swift; path = EtablissementRow.swift; sourceTree = "<group>"; };
		795FAB2C2809C830004CB120 /* EtablissementEditor.swift */ = {isa = PBXFileReference; lastKnownFileType = sourcecode.swift; path = EtablissementEditor.swift; sourceTree = "<group>"; };
		795FAB2E2809E54C004CB120 /* EtablissementDetail.swift */ = {isa = PBXFileReference; lastKnownFileType = sourcecode.swift; path = EtablissementDetail.swift; sourceTree = "<group>"; };
		795FAB32280A1C33004CB120 /* ClassRow.swift */ = {isa = PBXFileReference; lastKnownFileType = sourcecode.swift; path = ClassRow.swift; sourceTree = "<group>"; };
		797FA2E7280ACFD7002524F3 /* Fakes.swift */ = {isa = PBXFileReference; lastKnownFileType = sourcecode.swift; path = Fakes.swift; sourceTree = "<group>"; };
		79F3AB8E2808218100D068D9 /* Cahier_du_ProfesseurApp.swift */ = {isa = PBXFileReference; lastKnownFileType = sourcecode.swift; path = Cahier_du_ProfesseurApp.swift; sourceTree = "<group>"; };
		79F3AB8F2808218100D068D9 /* ContentView.swift */ = {isa = PBXFileReference; lastKnownFileType = sourcecode.swift; path = ContentView.swift; sourceTree = "<group>"; };
		79F3AB902808218300D068D9 /* Assets.xcassets */ = {isa = PBXFileReference; lastKnownFileType = folder.assetcatalog; path = Assets.xcassets; sourceTree = "<group>"; };
		79F3AB952808218300D068D9 /* Cahier du Professeur.app */ = {isa = PBXFileReference; explicitFileType = wrapper.application; includeInIndex = 0; path = "Cahier du Professeur.app"; sourceTree = BUILT_PRODUCTS_DIR; };
		79F3AB9B2808218300D068D9 /* Cahier du Professeur.app */ = {isa = PBXFileReference; explicitFileType = wrapper.application; includeInIndex = 0; path = "Cahier du Professeur.app"; sourceTree = BUILT_PRODUCTS_DIR; };
		79F3AB9D2808218300D068D9 /* macOS.entitlements */ = {isa = PBXFileReference; lastKnownFileType = text.plist.entitlements; path = macOS.entitlements; sourceTree = "<group>"; };
		79F3ABA22808218300D068D9 /* Tests iOS.xctest */ = {isa = PBXFileReference; explicitFileType = wrapper.cfbundle; includeInIndex = 0; path = "Tests iOS.xctest"; sourceTree = BUILT_PRODUCTS_DIR; };
		79F3ABA62808218300D068D9 /* Tests_iOS.swift */ = {isa = PBXFileReference; lastKnownFileType = sourcecode.swift; path = Tests_iOS.swift; sourceTree = "<group>"; };
		79F3ABA82808218300D068D9 /* Tests_iOSLaunchTests.swift */ = {isa = PBXFileReference; lastKnownFileType = sourcecode.swift; path = Tests_iOSLaunchTests.swift; sourceTree = "<group>"; };
		79F3ABAE2808218300D068D9 /* Tests macOS.xctest */ = {isa = PBXFileReference; explicitFileType = wrapper.cfbundle; includeInIndex = 0; path = "Tests macOS.xctest"; sourceTree = BUILT_PRODUCTS_DIR; };
		79F3ABB22808218300D068D9 /* Tests_macOS.swift */ = {isa = PBXFileReference; lastKnownFileType = sourcecode.swift; path = Tests_macOS.swift; sourceTree = "<group>"; };
		79F3ABB42808218300D068D9 /* Tests_macOSLaunchTests.swift */ = {isa = PBXFileReference; lastKnownFileType = sourcecode.swift; path = Tests_macOSLaunchTests.swift; sourceTree = "<group>"; };
		79F3ABCC2808222C00D068D9 /* Etablissement.swift */ = {isa = PBXFileReference; lastKnownFileType = sourcecode.swift; path = Etablissement.swift; sourceTree = "<group>"; };
		79F3ABCF2808225800D068D9 /* Classe.swift */ = {isa = PBXFileReference; lastKnownFileType = sourcecode.swift; path = Classe.swift; sourceTree = "<group>"; };
		79F3ABD22808229A00D068D9 /* Eleve.swift */ = {isa = PBXFileReference; lastKnownFileType = sourcecode.swift; path = Eleve.swift; sourceTree = "<group>"; };
		79F3ABD5280822BD00D068D9 /* NiveauClasse.swift */ = {isa = PBXFileReference; lastKnownFileType = sourcecode.swift; path = NiveauClasse.swift; sourceTree = "<group>"; };
		79F3ABD8280823D900D068D9 /* NiveauEtablissement.swift */ = {isa = PBXFileReference; lastKnownFileType = sourcecode.swift; path = NiveauEtablissement.swift; sourceTree = "<group>"; };
		79F3ABDB280826A400D068D9 /* Sexe.swift */ = {isa = PBXFileReference; lastKnownFileType = sourcecode.swift; path = Sexe.swift; sourceTree = "<group>"; };
		79F3ABE528083A3100D068D9 /* Playground.playground */ = {isa = PBXFileReference; lastKnownFileType = file.playground; path = Playground.playground; sourceTree = "<group>"; xcLanguageSpecificationIdentifier = xcode.lang.swift; };
		79F3ABE6280844C000D068D9 /* ClasseManager.swift */ = {isa = PBXFileReference; lastKnownFileType = sourcecode.swift; path = ClasseManager.swift; sourceTree = "<group>"; };
		79F3ABE928086C4F00D068D9 /* EtablissementManager.swift */ = {isa = PBXFileReference; lastKnownFileType = sourcecode.swift; path = EtablissementManager.swift; sourceTree = "<group>"; };
		79F3ABEE2808709100D068D9 /* Colle.swift */ = {isa = PBXFileReference; lastKnownFileType = sourcecode.swift; path = Colle.swift; sourceTree = "<group>"; };
		79F3ABF128087D5600D068D9 /* Observation.swift */ = {isa = PBXFileReference; lastKnownFileType = sourcecode.swift; path = Observation.swift; sourceTree = "<group>"; };
		79F3ABF4280880CC00D068D9 /* ObservationManager.swift */ = {isa = PBXFileReference; lastKnownFileType = sourcecode.swift; path = ObservationManager.swift; sourceTree = "<group>"; };
		79F3ABF72808818D00D068D9 /* ColleManager.swift */ = {isa = PBXFileReference; lastKnownFileType = sourcecode.swift; path = ColleManager.swift; sourceTree = "<group>"; };
		79F3ABFA2808845400D068D9 /* Store.swift */ = {isa = PBXFileReference; lastKnownFileType = sourcecode.swift; path = Store.swift; sourceTree = "<group>"; };
		79F3ABFD2808C68700D068D9 /* UIState.swift */ = {isa = PBXFileReference; lastKnownFileType = sourcecode.swift; path = UIState.swift; sourceTree = "<group>"; };
		79F3AC002808C76A00D068D9 /* MainScene.swift */ = {isa = PBXFileReference; lastKnownFileType = sourcecode.swift; path = MainScene.swift; sourceTree = "<group>"; };
		79F3AC032808CA2500D068D9 /* EtablissementSidebarView.swift */ = {isa = PBXFileReference; lastKnownFileType = sourcecode.swift; path = EtablissementSidebarView.swift; sourceTree = "<group>"; };
		79F3AC062808CA4C00D068D9 /* ClasseSidebarView.swift */ = {isa = PBXFileReference; lastKnownFileType = sourcecode.swift; path = ClasseSidebarView.swift; sourceTree = "<group>"; };
		79F3AC092808CA6E00D068D9 /* EleveSidebarView.swift */ = {isa = PBXFileReference; lastKnownFileType = sourcecode.swift; path = EleveSidebarView.swift; sourceTree = "<group>"; };
		79F3AC0C2808CA8700D068D9 /* ColleSidebarView.swift */ = {isa = PBXFileReference; lastKnownFileType = sourcecode.swift; path = ColleSidebarView.swift; sourceTree = "<group>"; };
		79F3AC0F2808CAA600D068D9 /* ObservSidebarView.swift */ = {isa = PBXFileReference; lastKnownFileType = sourcecode.swift; path = ObservSidebarView.swift; sourceTree = "<group>"; };
/* End PBXFileReference section */

/* Begin PBXFrameworksBuildPhase section */
		79F3AB922808218300D068D9 /* Frameworks */ = {
			isa = PBXFrameworksBuildPhase;
			buildActionMask = 2147483647;
			files = (
				79F3ABE02808305400D068D9 /* AppFoundation in Frameworks */,
				795FAB312809FB0B004CB120 /* HelpersView in Frameworks */,
			);
			runOnlyForDeploymentPostprocessing = 0;
		};
		79F3AB982808218300D068D9 /* Frameworks */ = {
			isa = PBXFrameworksBuildPhase;
			buildActionMask = 2147483647;
			files = (
			);
			runOnlyForDeploymentPostprocessing = 0;
		};
		79F3AB9F2808218300D068D9 /* Frameworks */ = {
			isa = PBXFrameworksBuildPhase;
			buildActionMask = 2147483647;
			files = (
			);
			runOnlyForDeploymentPostprocessing = 0;
		};
		79F3ABAB2808218300D068D9 /* Frameworks */ = {
			isa = PBXFrameworksBuildPhase;
			buildActionMask = 2147483647;
			files = (
			);
			runOnlyForDeploymentPostprocessing = 0;
		};
/* End PBXFrameworksBuildPhase section */

/* Begin PBXGroup section */
		795FAB272809C4D0004CB120 /* Etablissement */ = {
			isa = PBXGroup;
			children = (
				79F3AC032808CA2500D068D9 /* EtablissementSidebarView.swift */,
				795FAB282809C4E2004CB120 /* EtablissementBrowserView.swift */,
				795FAB2A2809C813004CB120 /* EtablissementRow.swift */,
				795FAB2C2809C830004CB120 /* EtablissementEditor.swift */,
				795FAB2E2809E54C004CB120 /* EtablissementDetail.swift */,
			);
			path = Etablissement;
			sourceTree = "<group>";
		};
		79F3AB882808218000D068D9 = {
			isa = PBXGroup;
			children = (
				79F3ABE528083A3100D068D9 /* Playground.playground */,
				79F3AB8D2808218100D068D9 /* Shared */,
				79F3AB9C2808218300D068D9 /* macOS */,
				79F3ABA52808218300D068D9 /* Tests iOS */,
				79F3ABB12808218300D068D9 /* Tests macOS */,
				79F3AB962808218300D068D9 /* Products */,
				79F3ABDE2808305400D068D9 /* Frameworks */,
			);
			sourceTree = "<group>";
		};
		79F3AB8D2808218100D068D9 /* Shared */ = {
			isa = PBXGroup;
			children = (
				79F3ABFD2808C68700D068D9 /* UIState.swift */,
				79F3AB8E2808218100D068D9 /* Cahier_du_ProfesseurApp.swift */,
				79F3AC002808C76A00D068D9 /* MainScene.swift */,
				79F3ABCA280821CE00D068D9 /* Model */,
				79F3ABCB280821E700D068D9 /* Views */,
				79F3AB902808218300D068D9 /* Assets.xcassets */,
			);
			path = Shared;
			sourceTree = "<group>";
		};
		79F3AB962808218300D068D9 /* Products */ = {
			isa = PBXGroup;
			children = (
				79F3AB952808218300D068D9 /* Cahier du Professeur.app */,
				79F3AB9B2808218300D068D9 /* Cahier du Professeur.app */,
				79F3ABA22808218300D068D9 /* Tests iOS.xctest */,
				79F3ABAE2808218300D068D9 /* Tests macOS.xctest */,
			);
			name = Products;
			sourceTree = "<group>";
		};
		79F3AB9C2808218300D068D9 /* macOS */ = {
			isa = PBXGroup;
			children = (
				79F3AB9D2808218300D068D9 /* macOS.entitlements */,
			);
			path = macOS;
			sourceTree = "<group>";
		};
		79F3ABA52808218300D068D9 /* Tests iOS */ = {
			isa = PBXGroup;
			children = (
				79F3ABA62808218300D068D9 /* Tests_iOS.swift */,
				79F3ABA82808218300D068D9 /* Tests_iOSLaunchTests.swift */,
			);
			path = "Tests iOS";
			sourceTree = "<group>";
		};
		79F3ABB12808218300D068D9 /* Tests macOS */ = {
			isa = PBXGroup;
			children = (
				79F3ABB22808218300D068D9 /* Tests_macOS.swift */,
				79F3ABB42808218300D068D9 /* Tests_macOSLaunchTests.swift */,
			);
			path = "Tests macOS";
			sourceTree = "<group>";
		};
		79F3ABCA280821CE00D068D9 /* Model */ = {
			isa = PBXGroup;
			children = (
				79F3ABE1280830D000D068D9 /* Etablissement */,
				79F3ABE2280830E000D068D9 /* Classe */,
				79F3ABE3280830F300D068D9 /* Eleve */,
				79F3ABED2808707C00D068D9 /* Observation */,
				79F3ABEC2808707300D068D9 /* Colle */,
				79F3ABFA2808845400D068D9 /* Store.swift */,
				797FA2E7280ACFD7002524F3 /* Fakes.swift */,
			);
			path = Model;
			sourceTree = "<group>";
		};
		79F3ABCB280821E700D068D9 /* Views */ = {
			isa = PBXGroup;
			children = (
				79F3AB8F2808218100D068D9 /* ContentView.swift */,
				795FAB272809C4D0004CB120 /* Etablissement */,
				79F3AC062808CA4C00D068D9 /* ClasseSidebarView.swift */,
				79F3AC092808CA6E00D068D9 /* EleveSidebarView.swift */,
				79F3AC0C2808CA8700D068D9 /* ColleSidebarView.swift */,
				79F3AC0F2808CAA600D068D9 /* ObservSidebarView.swift */,
			);
			path = Views;
			sourceTree = "<group>";
		};
		79F3ABDE2808305400D068D9 /* Frameworks */ = {
			isa = PBXGroup;
			children = (
			);
			name = Frameworks;
			sourceTree = "<group>";
		};
		79F3ABE1280830D000D068D9 /* Etablissement */ = {
			isa = PBXGroup;
			children = (
				7953631B280DC44B00AB8600 /* EtablissementStore.swift */,
				79F3ABCC2808222C00D068D9 /* Etablissement.swift */,
				79F3ABD8280823D900D068D9 /* NiveauEtablissement.swift */,
				79F3ABE928086C4F00D068D9 /* EtablissementManager.swift */,
			);
			path = Etablissement;
			sourceTree = "<group>";
		};
		79F3ABE2280830E000D068D9 /* Classe */ = {
			isa = PBXGroup;
			children = (
				7953631E280DC4D800AB8600 /* ClassStore.swift */,
				79F3ABCF2808225800D068D9 /* Classe.swift */,
				79F3ABD5280822BD00D068D9 /* NiveauClasse.swift */,
				79F3ABE6280844C000D068D9 /* ClasseManager.swift */,
				795FAB32280A1C33004CB120 /* ClassRow.swift */,
			);
			path = Classe;
			sourceTree = "<group>";
		};
		79F3ABE3280830F300D068D9 /* Eleve */ = {
			isa = PBXGroup;
			children = (
				79F3ABD22808229A00D068D9 /* Eleve.swift */,
				79F3ABDB280826A400D068D9 /* Sexe.swift */,
			);
			path = Eleve;
			sourceTree = "<group>";
		};
		79F3ABEC2808707300D068D9 /* Colle */ = {
			isa = PBXGroup;
			children = (
				79F3ABEE2808709100D068D9 /* Colle.swift */,
				79F3ABF72808818D00D068D9 /* ColleManager.swift */,
			);
			path = Colle;
			sourceTree = "<group>";
		};
		79F3ABED2808707C00D068D9 /* Observation */ = {
			isa = PBXGroup;
			children = (
				79F3ABF128087D5600D068D9 /* Observation.swift */,
				79F3ABF4280880CC00D068D9 /* ObservationManager.swift */,
			);
			path = Observation;
			sourceTree = "<group>";
		};
/* End PBXGroup section */

/* Begin PBXNativeTarget section */
		79F3AB942808218300D068D9 /* Cahier du Professeur (iOS) */ = {
			isa = PBXNativeTarget;
			buildConfigurationList = 79F3ABBE2808218300D068D9 /* Build configuration list for PBXNativeTarget "Cahier du Professeur (iOS)" */;
			buildPhases = (
				79F3AB912808218300D068D9 /* Sources */,
				79F3AB922808218300D068D9 /* Frameworks */,
				79F3AB932808218300D068D9 /* Resources */,
			);
			buildRules = (
			);
			dependencies = (
			);
			name = "Cahier du Professeur (iOS)";
			packageProductDependencies = (
				79F3ABDF2808305400D068D9 /* AppFoundation */,
				795FAB302809FB0B004CB120 /* HelpersView */,
			);
			productName = "Cahier du Professeur (iOS)";
			productReference = 79F3AB952808218300D068D9 /* Cahier du Professeur.app */;
			productType = "com.apple.product-type.application";
		};
		79F3AB9A2808218300D068D9 /* Cahier du Professeur (macOS) */ = {
			isa = PBXNativeTarget;
			buildConfigurationList = 79F3ABC12808218300D068D9 /* Build configuration list for PBXNativeTarget "Cahier du Professeur (macOS)" */;
			buildPhases = (
				79F3AB972808218300D068D9 /* Sources */,
				79F3AB982808218300D068D9 /* Frameworks */,
				79F3AB992808218300D068D9 /* Resources */,
			);
			buildRules = (
			);
			dependencies = (
			);
			name = "Cahier du Professeur (macOS)";
			productName = "Cahier du Professeur (macOS)";
			productReference = 79F3AB9B2808218300D068D9 /* Cahier du Professeur.app */;
			productType = "com.apple.product-type.application";
		};
		79F3ABA12808218300D068D9 /* Tests iOS */ = {
			isa = PBXNativeTarget;
			buildConfigurationList = 79F3ABC42808218300D068D9 /* Build configuration list for PBXNativeTarget "Tests iOS" */;
			buildPhases = (
				79F3AB9E2808218300D068D9 /* Sources */,
				79F3AB9F2808218300D068D9 /* Frameworks */,
				79F3ABA02808218300D068D9 /* Resources */,
			);
			buildRules = (
			);
			dependencies = (
				79F3ABA42808218300D068D9 /* PBXTargetDependency */,
			);
			name = "Tests iOS";
			productName = "Tests iOS";
			productReference = 79F3ABA22808218300D068D9 /* Tests iOS.xctest */;
			productType = "com.apple.product-type.bundle.ui-testing";
		};
		79F3ABAD2808218300D068D9 /* Tests macOS */ = {
			isa = PBXNativeTarget;
			buildConfigurationList = 79F3ABC72808218300D068D9 /* Build configuration list for PBXNativeTarget "Tests macOS" */;
			buildPhases = (
				79F3ABAA2808218300D068D9 /* Sources */,
				79F3ABAB2808218300D068D9 /* Frameworks */,
				79F3ABAC2808218300D068D9 /* Resources */,
			);
			buildRules = (
			);
			dependencies = (
				79F3ABB02808218300D068D9 /* PBXTargetDependency */,
			);
			name = "Tests macOS";
			productName = "Tests macOS";
			productReference = 79F3ABAE2808218300D068D9 /* Tests macOS.xctest */;
			productType = "com.apple.product-type.bundle.ui-testing";
		};
/* End PBXNativeTarget section */

/* Begin PBXProject section */
		79F3AB892808218000D068D9 /* Project object */ = {
			isa = PBXProject;
			attributes = {
				BuildIndependentTargetsInParallel = 1;
				LastSwiftUpdateCheck = 1330;
				LastUpgradeCheck = 1330;
				TargetAttributes = {
					79F3AB942808218300D068D9 = {
						CreatedOnToolsVersion = 13.3.1;
					};
					79F3AB9A2808218300D068D9 = {
						CreatedOnToolsVersion = 13.3.1;
					};
					79F3ABA12808218300D068D9 = {
						CreatedOnToolsVersion = 13.3.1;
						TestTargetID = 79F3AB942808218300D068D9;
					};
					79F3ABAD2808218300D068D9 = {
						CreatedOnToolsVersion = 13.3.1;
						TestTargetID = 79F3AB9A2808218300D068D9;
					};
				};
			};
			buildConfigurationList = 79F3AB8C2808218000D068D9 /* Build configuration list for PBXProject "Cahier du Professeur" */;
			compatibilityVersion = "Xcode 13.0";
			developmentRegion = en;
			hasScannedForEncodings = 0;
			knownRegions = (
				en,
				Base,
			);
			mainGroup = 79F3AB882808218000D068D9;
			productRefGroup = 79F3AB962808218300D068D9 /* Products */;
			projectDirPath = "";
			projectRoot = "";
			targets = (
				79F3AB942808218300D068D9 /* Cahier du Professeur (iOS) */,
				79F3AB9A2808218300D068D9 /* Cahier du Professeur (macOS) */,
				79F3ABA12808218300D068D9 /* Tests iOS */,
				79F3ABAD2808218300D068D9 /* Tests macOS */,
			);
		};
/* End PBXProject section */

/* Begin PBXResourcesBuildPhase section */
		79F3AB932808218300D068D9 /* Resources */ = {
			isa = PBXResourcesBuildPhase;
			buildActionMask = 2147483647;
			files = (
				79F3ABBA2808218300D068D9 /* Assets.xcassets in Resources */,
			);
			runOnlyForDeploymentPostprocessing = 0;
		};
		79F3AB992808218300D068D9 /* Resources */ = {
			isa = PBXResourcesBuildPhase;
			buildActionMask = 2147483647;
			files = (
				79F3ABBB2808218300D068D9 /* Assets.xcassets in Resources */,
			);
			runOnlyForDeploymentPostprocessing = 0;
		};
		79F3ABA02808218300D068D9 /* Resources */ = {
			isa = PBXResourcesBuildPhase;
			buildActionMask = 2147483647;
			files = (
			);
			runOnlyForDeploymentPostprocessing = 0;
		};
		79F3ABAC2808218300D068D9 /* Resources */ = {
			isa = PBXResourcesBuildPhase;
			buildActionMask = 2147483647;
			files = (
			);
			runOnlyForDeploymentPostprocessing = 0;
		};
/* End PBXResourcesBuildPhase section */

/* Begin PBXSourcesBuildPhase section */
		79F3AB912808218300D068D9 /* Sources */ = {
			isa = PBXSourcesBuildPhase;
			buildActionMask = 2147483647;
			files = (
				79F3ABFB2808845400D068D9 /* Store.swift in Sources */,
				795FAB2B2809C813004CB120 /* EtablissementRow.swift in Sources */,
				79F3ABCD2808222C00D068D9 /* Etablissement.swift in Sources */,
				79F3AC0D2808CA8700D068D9 /* ColleSidebarView.swift in Sources */,
				79F3ABD6280822BD00D068D9 /* NiveauClasse.swift in Sources */,
				79F3AC0A2808CA6E00D068D9 /* EleveSidebarView.swift in Sources */,
				795FAB2D2809C830004CB120 /* EtablissementEditor.swift in Sources */,
				79F3ABEA28086C4F00D068D9 /* EtablissementManager.swift in Sources */,
				79F3ABF82808818D00D068D9 /* ColleManager.swift in Sources */,
				79F3AC072808CA4C00D068D9 /* ClasseSidebarView.swift in Sources */,
				7953631F280DC4D800AB8600 /* ClassStore.swift in Sources */,
				79F3AC102808CAA600D068D9 /* ObservSidebarView.swift in Sources */,
				79F3ABDC280826A400D068D9 /* Sexe.swift in Sources */,
				795FAB292809C4E2004CB120 /* EtablissementBrowserView.swift in Sources */,
				79F3AC042808CA2500D068D9 /* EtablissementSidebarView.swift in Sources */,
				79F3AC012808C76B00D068D9 /* MainScene.swift in Sources */,
				795FAB33280A1C33004CB120 /* ClassRow.swift in Sources */,
				79F3ABF228087D5600D068D9 /* Observation.swift in Sources */,
				79F3ABFE2808C68700D068D9 /* UIState.swift in Sources */,
				79F3ABE7280844C000D068D9 /* ClasseManager.swift in Sources */,
				79F3ABB82808218300D068D9 /* ContentView.swift in Sources */,
				79F3ABD02808225800D068D9 /* Classe.swift in Sources */,
				7953631C280DC44C00AB8600 /* EtablissementStore.swift in Sources */,
				79F3ABF5280880CC00D068D9 /* ObservationManager.swift in Sources */,
				79F3ABD32808229A00D068D9 /* Eleve.swift in Sources */,
				79F3ABB62808218300D068D9 /* Cahier_du_ProfesseurApp.swift in Sources */,
				797FA2E8280ACFD7002524F3 /* Fakes.swift in Sources */,
				79F3ABEF2808709100D068D9 /* Colle.swift in Sources */,
				79F3ABD9280823D900D068D9 /* NiveauEtablissement.swift in Sources */,
				795FAB2F2809E54C004CB120 /* EtablissementDetail.swift in Sources */,
			);
			runOnlyForDeploymentPostprocessing = 0;
		};
		79F3AB972808218300D068D9 /* Sources */ = {
			isa = PBXSourcesBuildPhase;
			buildActionMask = 2147483647;
			files = (
				79F3ABFC2808845400D068D9 /* Store.swift in Sources */,
				79F3ABCE2808222C00D068D9 /* Etablissement.swift in Sources */,
				79F3AC0E2808CA8700D068D9 /* ColleSidebarView.swift in Sources */,
				79F3ABD7280822BD00D068D9 /* NiveauClasse.swift in Sources */,
				79F3AC0B2808CA6E00D068D9 /* EleveSidebarView.swift in Sources */,
				79F3ABEB28086C4F00D068D9 /* EtablissementManager.swift in Sources */,
				79F3ABF92808818D00D068D9 /* ColleManager.swift in Sources */,
				79F3AC082808CA4C00D068D9 /* ClasseSidebarView.swift in Sources */,
				797FA2E9280ACFD7002524F3 /* Fakes.swift in Sources */,
				79F3AC112808CAA600D068D9 /* ObservSidebarView.swift in Sources */,
				79F3ABDD280826A400D068D9 /* Sexe.swift in Sources */,
				79F3AC022808C76B00D068D9 /* MainScene.swift in Sources */,
				79F3ABF328087D5600D068D9 /* Observation.swift in Sources */,
				79F3ABFF2808C68700D068D9 /* UIState.swift in Sources */,
				7953631D280DC44C00AB8600 /* EtablissementStore.swift in Sources */,
				79F3ABE8280844C000D068D9 /* ClasseManager.swift in Sources */,
				79F3ABB92808218300D068D9 /* ContentView.swift in Sources */,
				79F3ABD12808225800D068D9 /* Classe.swift in Sources */,
				79F3ABF6280880CC00D068D9 /* ObservationManager.swift in Sources */,
				79F3ABD42808229A00D068D9 /* Eleve.swift in Sources */,
				79F3ABB72808218300D068D9 /* Cahier_du_ProfesseurApp.swift in Sources */,
				79F3ABF02808709100D068D9 /* Colle.swift in Sources */,
				79536320280DC4D800AB8600 /* ClassStore.swift in Sources */,
				79F3ABDA280823D900D068D9 /* NiveauEtablissement.swift in Sources */,
			);
			runOnlyForDeploymentPostprocessing = 0;
		};
		79F3AB9E2808218300D068D9 /* Sources */ = {
			isa = PBXSourcesBuildPhase;
			buildActionMask = 2147483647;
			files = (
				79F3ABA92808218300D068D9 /* Tests_iOSLaunchTests.swift in Sources */,
				79F3ABA72808218300D068D9 /* Tests_iOS.swift in Sources */,
			);
			runOnlyForDeploymentPostprocessing = 0;
		};
		79F3ABAA2808218300D068D9 /* Sources */ = {
			isa = PBXSourcesBuildPhase;
			buildActionMask = 2147483647;
			files = (
				79F3ABB52808218300D068D9 /* Tests_macOSLaunchTests.swift in Sources */,
				79F3ABB32808218300D068D9 /* Tests_macOS.swift in Sources */,
			);
			runOnlyForDeploymentPostprocessing = 0;
		};
/* End PBXSourcesBuildPhase section */

/* Begin PBXTargetDependency section */
		79F3ABA42808218300D068D9 /* PBXTargetDependency */ = {
			isa = PBXTargetDependency;
			target = 79F3AB942808218300D068D9 /* Cahier du Professeur (iOS) */;
			targetProxy = 79F3ABA32808218300D068D9 /* PBXContainerItemProxy */;
		};
		79F3ABB02808218300D068D9 /* PBXTargetDependency */ = {
			isa = PBXTargetDependency;
			target = 79F3AB9A2808218300D068D9 /* Cahier du Professeur (macOS) */;
			targetProxy = 79F3ABAF2808218300D068D9 /* PBXContainerItemProxy */;
		};
/* End PBXTargetDependency section */

/* Begin XCBuildConfiguration section */
		79F3ABBC2808218300D068D9 /* Debug */ = {
			isa = XCBuildConfiguration;
			buildSettings = {
				ALWAYS_SEARCH_USER_PATHS = NO;
				CLANG_ANALYZER_NONNULL = YES;
				CLANG_ANALYZER_NUMBER_OBJECT_CONVERSION = YES_AGGRESSIVE;
				CLANG_CXX_LANGUAGE_STANDARD = "gnu++17";
				CLANG_ENABLE_MODULES = YES;
				CLANG_ENABLE_OBJC_ARC = YES;
				CLANG_ENABLE_OBJC_WEAK = YES;
				CLANG_WARN_BLOCK_CAPTURE_AUTORELEASING = YES;
				CLANG_WARN_BOOL_CONVERSION = YES;
				CLANG_WARN_COMMA = YES;
				CLANG_WARN_CONSTANT_CONVERSION = YES;
				CLANG_WARN_DEPRECATED_OBJC_IMPLEMENTATIONS = YES;
				CLANG_WARN_DIRECT_OBJC_ISA_USAGE = YES_ERROR;
				CLANG_WARN_DOCUMENTATION_COMMENTS = YES;
				CLANG_WARN_EMPTY_BODY = YES;
				CLANG_WARN_ENUM_CONVERSION = YES;
				CLANG_WARN_INFINITE_RECURSION = YES;
				CLANG_WARN_INT_CONVERSION = YES;
				CLANG_WARN_NON_LITERAL_NULL_CONVERSION = YES;
				CLANG_WARN_OBJC_IMPLICIT_RETAIN_SELF = YES;
				CLANG_WARN_OBJC_LITERAL_CONVERSION = YES;
				CLANG_WARN_OBJC_ROOT_CLASS = YES_ERROR;
				CLANG_WARN_QUOTED_INCLUDE_IN_FRAMEWORK_HEADER = YES;
				CLANG_WARN_RANGE_LOOP_ANALYSIS = YES;
				CLANG_WARN_STRICT_PROTOTYPES = YES;
				CLANG_WARN_SUSPICIOUS_MOVE = YES;
				CLANG_WARN_UNGUARDED_AVAILABILITY = YES_AGGRESSIVE;
				CLANG_WARN_UNREACHABLE_CODE = YES;
				CLANG_WARN__DUPLICATE_METHOD_MATCH = YES;
				COPY_PHASE_STRIP = NO;
				DEBUG_INFORMATION_FORMAT = dwarf;
				ENABLE_STRICT_OBJC_MSGSEND = YES;
				ENABLE_TESTABILITY = YES;
				GCC_C_LANGUAGE_STANDARD = gnu11;
				GCC_DYNAMIC_NO_PIC = NO;
				GCC_NO_COMMON_BLOCKS = YES;
				GCC_OPTIMIZATION_LEVEL = 0;
				GCC_PREPROCESSOR_DEFINITIONS = (
					"DEBUG=1",
					"$(inherited)",
				);
				GCC_WARN_64_TO_32_BIT_CONVERSION = YES;
				GCC_WARN_ABOUT_RETURN_TYPE = YES_ERROR;
				GCC_WARN_UNDECLARED_SELECTOR = YES;
				GCC_WARN_UNINITIALIZED_AUTOS = YES_AGGRESSIVE;
				GCC_WARN_UNUSED_FUNCTION = YES;
				GCC_WARN_UNUSED_VARIABLE = YES;
				MTL_ENABLE_DEBUG_INFO = INCLUDE_SOURCE;
				MTL_FAST_MATH = YES;
				ONLY_ACTIVE_ARCH = YES;
				SWIFT_ACTIVE_COMPILATION_CONDITIONS = DEBUG;
				SWIFT_OPTIMIZATION_LEVEL = "-Onone";
			};
			name = Debug;
		};
		79F3ABBD2808218300D068D9 /* Release */ = {
			isa = XCBuildConfiguration;
			buildSettings = {
				ALWAYS_SEARCH_USER_PATHS = NO;
				CLANG_ANALYZER_NONNULL = YES;
				CLANG_ANALYZER_NUMBER_OBJECT_CONVERSION = YES_AGGRESSIVE;
				CLANG_CXX_LANGUAGE_STANDARD = "gnu++17";
				CLANG_ENABLE_MODULES = YES;
				CLANG_ENABLE_OBJC_ARC = YES;
				CLANG_ENABLE_OBJC_WEAK = YES;
				CLANG_WARN_BLOCK_CAPTURE_AUTORELEASING = YES;
				CLANG_WARN_BOOL_CONVERSION = YES;
				CLANG_WARN_COMMA = YES;
				CLANG_WARN_CONSTANT_CONVERSION = YES;
				CLANG_WARN_DEPRECATED_OBJC_IMPLEMENTATIONS = YES;
				CLANG_WARN_DIRECT_OBJC_ISA_USAGE = YES_ERROR;
				CLANG_WARN_DOCUMENTATION_COMMENTS = YES;
				CLANG_WARN_EMPTY_BODY = YES;
				CLANG_WARN_ENUM_CONVERSION = YES;
				CLANG_WARN_INFINITE_RECURSION = YES;
				CLANG_WARN_INT_CONVERSION = YES;
				CLANG_WARN_NON_LITERAL_NULL_CONVERSION = YES;
				CLANG_WARN_OBJC_IMPLICIT_RETAIN_SELF = YES;
				CLANG_WARN_OBJC_LITERAL_CONVERSION = YES;
				CLANG_WARN_OBJC_ROOT_CLASS = YES_ERROR;
				CLANG_WARN_QUOTED_INCLUDE_IN_FRAMEWORK_HEADER = YES;
				CLANG_WARN_RANGE_LOOP_ANALYSIS = YES;
				CLANG_WARN_STRICT_PROTOTYPES = YES;
				CLANG_WARN_SUSPICIOUS_MOVE = YES;
				CLANG_WARN_UNGUARDED_AVAILABILITY = YES_AGGRESSIVE;
				CLANG_WARN_UNREACHABLE_CODE = YES;
				CLANG_WARN__DUPLICATE_METHOD_MATCH = YES;
				COPY_PHASE_STRIP = NO;
				DEBUG_INFORMATION_FORMAT = "dwarf-with-dsym";
				ENABLE_NS_ASSERTIONS = NO;
				ENABLE_STRICT_OBJC_MSGSEND = YES;
				GCC_C_LANGUAGE_STANDARD = gnu11;
				GCC_NO_COMMON_BLOCKS = YES;
				GCC_WARN_64_TO_32_BIT_CONVERSION = YES;
				GCC_WARN_ABOUT_RETURN_TYPE = YES_ERROR;
				GCC_WARN_UNDECLARED_SELECTOR = YES;
				GCC_WARN_UNINITIALIZED_AUTOS = YES_AGGRESSIVE;
				GCC_WARN_UNUSED_FUNCTION = YES;
				GCC_WARN_UNUSED_VARIABLE = YES;
				MTL_ENABLE_DEBUG_INFO = NO;
				MTL_FAST_MATH = YES;
				SWIFT_COMPILATION_MODE = wholemodule;
				SWIFT_OPTIMIZATION_LEVEL = "-O";
			};
			name = Release;
		};
		79F3ABBF2808218300D068D9 /* Debug */ = {
			isa = XCBuildConfiguration;
			buildSettings = {
				ASSETCATALOG_COMPILER_APPICON_NAME = AppIcon;
				ASSETCATALOG_COMPILER_GLOBAL_ACCENT_COLOR_NAME = AccentColor;
				CODE_SIGN_STYLE = Automatic;
				CURRENT_PROJECT_VERSION = 1;
				DEVELOPMENT_TEAM = 8N9S268396;
				ENABLE_PREVIEWS = YES;
				GENERATE_INFOPLIST_FILE = YES;
				INFOPLIST_KEY_UIApplicationSceneManifest_Generation = YES;
				INFOPLIST_KEY_UIApplicationSupportsIndirectInputEvents = YES;
				INFOPLIST_KEY_UILaunchScreen_Generation = YES;
				INFOPLIST_KEY_UISupportedInterfaceOrientations_iPad = "UIInterfaceOrientationPortrait UIInterfaceOrientationPortraitUpsideDown UIInterfaceOrientationLandscapeLeft UIInterfaceOrientationLandscapeRight";
				INFOPLIST_KEY_UISupportedInterfaceOrientations_iPhone = "UIInterfaceOrientationPortrait UIInterfaceOrientationLandscapeLeft UIInterfaceOrientationLandscapeRight";
				IPHONEOS_DEPLOYMENT_TARGET = 15.4;
				LD_RUNPATH_SEARCH_PATHS = (
					"$(inherited)",
					"@executable_path/Frameworks",
				);
				MARKETING_VERSION = 1.0;
				PRODUCT_BUNDLE_IDENTIFIER = "com.michaud.lionel.Cahier-du-Professeur";
				PRODUCT_NAME = "Cahier du Professeur";
				SDKROOT = iphoneos;
				SWIFT_EMIT_LOC_STRINGS = YES;
				SWIFT_VERSION = 5.0;
				TARGETED_DEVICE_FAMILY = "1,2";
			};
			name = Debug;
		};
		79F3ABC02808218300D068D9 /* Release */ = {
			isa = XCBuildConfiguration;
			buildSettings = {
				ASSETCATALOG_COMPILER_APPICON_NAME = AppIcon;
				ASSETCATALOG_COMPILER_GLOBAL_ACCENT_COLOR_NAME = AccentColor;
				CODE_SIGN_STYLE = Automatic;
				CURRENT_PROJECT_VERSION = 1;
				DEVELOPMENT_TEAM = 8N9S268396;
				ENABLE_PREVIEWS = YES;
				GENERATE_INFOPLIST_FILE = YES;
				INFOPLIST_KEY_UIApplicationSceneManifest_Generation = YES;
				INFOPLIST_KEY_UIApplicationSupportsIndirectInputEvents = YES;
				INFOPLIST_KEY_UILaunchScreen_Generation = YES;
				INFOPLIST_KEY_UISupportedInterfaceOrientations_iPad = "UIInterfaceOrientationPortrait UIInterfaceOrientationPortraitUpsideDown UIInterfaceOrientationLandscapeLeft UIInterfaceOrientationLandscapeRight";
				INFOPLIST_KEY_UISupportedInterfaceOrientations_iPhone = "UIInterfaceOrientationPortrait UIInterfaceOrientationLandscapeLeft UIInterfaceOrientationLandscapeRight";
				IPHONEOS_DEPLOYMENT_TARGET = 15.4;
				LD_RUNPATH_SEARCH_PATHS = (
					"$(inherited)",
					"@executable_path/Frameworks",
				);
				MARKETING_VERSION = 1.0;
				PRODUCT_BUNDLE_IDENTIFIER = "com.michaud.lionel.Cahier-du-Professeur";
				PRODUCT_NAME = "Cahier du Professeur";
				SDKROOT = iphoneos;
				SWIFT_EMIT_LOC_STRINGS = YES;
				SWIFT_VERSION = 5.0;
				TARGETED_DEVICE_FAMILY = "1,2";
				VALIDATE_PRODUCT = YES;
			};
			name = Release;
		};
		79F3ABC22808218300D068D9 /* Debug */ = {
			isa = XCBuildConfiguration;
			buildSettings = {
				ASSETCATALOG_COMPILER_APPICON_NAME = AppIcon;
				ASSETCATALOG_COMPILER_GLOBAL_ACCENT_COLOR_NAME = AccentColor;
				CODE_SIGN_ENTITLEMENTS = macOS/macOS.entitlements;
				CODE_SIGN_IDENTITY = "-";
				CODE_SIGN_STYLE = Automatic;
				COMBINE_HIDPI_IMAGES = YES;
				CURRENT_PROJECT_VERSION = 1;
				DEVELOPMENT_TEAM = 8N9S268396;
				ENABLE_HARDENED_RUNTIME = YES;
				ENABLE_PREVIEWS = YES;
				GENERATE_INFOPLIST_FILE = YES;
				INFOPLIST_KEY_NSHumanReadableCopyright = "";
				LD_RUNPATH_SEARCH_PATHS = (
					"$(inherited)",
					"@executable_path/../Frameworks",
				);
				MACOSX_DEPLOYMENT_TARGET = 12.3;
				MARKETING_VERSION = 1.0;
				PRODUCT_BUNDLE_IDENTIFIER = "com.michaud.lionel.Cahier-du-Professeur";
				PRODUCT_NAME = "Cahier du Professeur";
				SDKROOT = macosx;
				SWIFT_EMIT_LOC_STRINGS = YES;
				SWIFT_VERSION = 5.0;
			};
			name = Debug;
		};
		79F3ABC32808218300D068D9 /* Release */ = {
			isa = XCBuildConfiguration;
			buildSettings = {
				ASSETCATALOG_COMPILER_APPICON_NAME = AppIcon;
				ASSETCATALOG_COMPILER_GLOBAL_ACCENT_COLOR_NAME = AccentColor;
				CODE_SIGN_ENTITLEMENTS = macOS/macOS.entitlements;
				CODE_SIGN_IDENTITY = "-";
				CODE_SIGN_STYLE = Automatic;
				COMBINE_HIDPI_IMAGES = YES;
				CURRENT_PROJECT_VERSION = 1;
				DEVELOPMENT_TEAM = 8N9S268396;
				ENABLE_HARDENED_RUNTIME = YES;
				ENABLE_PREVIEWS = YES;
				GENERATE_INFOPLIST_FILE = YES;
				INFOPLIST_KEY_NSHumanReadableCopyright = "";
				LD_RUNPATH_SEARCH_PATHS = (
					"$(inherited)",
					"@executable_path/../Frameworks",
				);
				MACOSX_DEPLOYMENT_TARGET = 12.3;
				MARKETING_VERSION = 1.0;
				PRODUCT_BUNDLE_IDENTIFIER = "com.michaud.lionel.Cahier-du-Professeur";
				PRODUCT_NAME = "Cahier du Professeur";
				SDKROOT = macosx;
				SWIFT_EMIT_LOC_STRINGS = YES;
				SWIFT_VERSION = 5.0;
			};
			name = Release;
		};
		79F3ABC52808218300D068D9 /* Debug */ = {
			isa = XCBuildConfiguration;
			buildSettings = {
				ALWAYS_EMBED_SWIFT_STANDARD_LIBRARIES = YES;
				CODE_SIGN_STYLE = Automatic;
				CURRENT_PROJECT_VERSION = 1;
				DEVELOPMENT_TEAM = 8N9S268396;
				GENERATE_INFOPLIST_FILE = YES;
				IPHONEOS_DEPLOYMENT_TARGET = 15.4;
				MARKETING_VERSION = 1.0;
				PRODUCT_BUNDLE_IDENTIFIER = "com.michaud.lionel.Tests-iOS";
				PRODUCT_NAME = "$(TARGET_NAME)";
				SDKROOT = iphoneos;
				SWIFT_EMIT_LOC_STRINGS = NO;
				SWIFT_VERSION = 5.0;
				TARGETED_DEVICE_FAMILY = "1,2";
				TEST_TARGET_NAME = "Cahier du Professeur (iOS)";
			};
			name = Debug;
		};
		79F3ABC62808218300D068D9 /* Release */ = {
			isa = XCBuildConfiguration;
			buildSettings = {
				ALWAYS_EMBED_SWIFT_STANDARD_LIBRARIES = YES;
				CODE_SIGN_STYLE = Automatic;
				CURRENT_PROJECT_VERSION = 1;
				DEVELOPMENT_TEAM = 8N9S268396;
				GENERATE_INFOPLIST_FILE = YES;
				IPHONEOS_DEPLOYMENT_TARGET = 15.4;
				MARKETING_VERSION = 1.0;
				PRODUCT_BUNDLE_IDENTIFIER = "com.michaud.lionel.Tests-iOS";
				PRODUCT_NAME = "$(TARGET_NAME)";
				SDKROOT = iphoneos;
				SWIFT_EMIT_LOC_STRINGS = NO;
				SWIFT_VERSION = 5.0;
				TARGETED_DEVICE_FAMILY = "1,2";
				TEST_TARGET_NAME = "Cahier du Professeur (iOS)";
				VALIDATE_PRODUCT = YES;
			};
			name = Release;
		};
		79F3ABC82808218300D068D9 /* Debug */ = {
			isa = XCBuildConfiguration;
			buildSettings = {
				ALWAYS_EMBED_SWIFT_STANDARD_LIBRARIES = YES;
				CODE_SIGN_STYLE = Automatic;
				CURRENT_PROJECT_VERSION = 1;
				DEVELOPMENT_TEAM = 8N9S268396;
				GENERATE_INFOPLIST_FILE = YES;
				MACOSX_DEPLOYMENT_TARGET = 12.3;
				MARKETING_VERSION = 1.0;
				PRODUCT_BUNDLE_IDENTIFIER = "com.michaud.lionel.Tests-macOS";
				PRODUCT_NAME = "$(TARGET_NAME)";
				SDKROOT = macosx;
				SWIFT_EMIT_LOC_STRINGS = NO;
				SWIFT_VERSION = 5.0;
				TEST_TARGET_NAME = "Cahier du Professeur (macOS)";
			};
			name = Debug;
		};
		79F3ABC92808218300D068D9 /* Release */ = {
			isa = XCBuildConfiguration;
			buildSettings = {
				ALWAYS_EMBED_SWIFT_STANDARD_LIBRARIES = YES;
				CODE_SIGN_STYLE = Automatic;
				CURRENT_PROJECT_VERSION = 1;
				DEVELOPMENT_TEAM = 8N9S268396;
				GENERATE_INFOPLIST_FILE = YES;
				MACOSX_DEPLOYMENT_TARGET = 12.3;
				MARKETING_VERSION = 1.0;
				PRODUCT_BUNDLE_IDENTIFIER = "com.michaud.lionel.Tests-macOS";
				PRODUCT_NAME = "$(TARGET_NAME)";
				SDKROOT = macosx;
				SWIFT_EMIT_LOC_STRINGS = NO;
				SWIFT_VERSION = 5.0;
				TEST_TARGET_NAME = "Cahier du Professeur (macOS)";
			};
			name = Release;
		};
/* End XCBuildConfiguration section */

/* Begin XCConfigurationList section */
		79F3AB8C2808218000D068D9 /* Build configuration list for PBXProject "Cahier du Professeur" */ = {
			isa = XCConfigurationList;
			buildConfigurations = (
				79F3ABBC2808218300D068D9 /* Debug */,
				79F3ABBD2808218300D068D9 /* Release */,
			);
			defaultConfigurationIsVisible = 0;
			defaultConfigurationName = Release;
		};
		79F3ABBE2808218300D068D9 /* Build configuration list for PBXNativeTarget "Cahier du Professeur (iOS)" */ = {
			isa = XCConfigurationList;
			buildConfigurations = (
				79F3ABBF2808218300D068D9 /* Debug */,
				79F3ABC02808218300D068D9 /* Release */,
			);
			defaultConfigurationIsVisible = 0;
			defaultConfigurationName = Release;
		};
		79F3ABC12808218300D068D9 /* Build configuration list for PBXNativeTarget "Cahier du Professeur (macOS)" */ = {
			isa = XCConfigurationList;
			buildConfigurations = (
				79F3ABC22808218300D068D9 /* Debug */,
				79F3ABC32808218300D068D9 /* Release */,
			);
			defaultConfigurationIsVisible = 0;
			defaultConfigurationName = Release;
		};
		79F3ABC42808218300D068D9 /* Build configuration list for PBXNativeTarget "Tests iOS" */ = {
			isa = XCConfigurationList;
			buildConfigurations = (
				79F3ABC52808218300D068D9 /* Debug */,
				79F3ABC62808218300D068D9 /* Release */,
			);
			defaultConfigurationIsVisible = 0;
			defaultConfigurationName = Release;
		};
		79F3ABC72808218300D068D9 /* Build configuration list for PBXNativeTarget "Tests macOS" */ = {
			isa = XCConfigurationList;
			buildConfigurations = (
				79F3ABC82808218300D068D9 /* Debug */,
				79F3ABC92808218300D068D9 /* Release */,
			);
			defaultConfigurationIsVisible = 0;
			defaultConfigurationName = Release;
		};
/* End XCConfigurationList section */

/* Begin XCSwiftPackageProductDependency section */
		795FAB302809FB0B004CB120 /* HelpersView */ = {
			isa = XCSwiftPackageProductDependency;
			productName = HelpersView;
		};
		79F3ABDF2808305400D068D9 /* AppFoundation */ = {
			isa = XCSwiftPackageProductDependency;
			productName = AppFoundation;
		};
/* End XCSwiftPackageProductDependency section */
	};
	rootObject = 79F3AB892808218000D068D9 /* Project object */;
}
