// !$*UTF8*$!
{
	archiveVersion = 1;
	classes = {
	};
	objectVersion = 55;
	objects = {

/* Begin PBXBuildFile section */
		7918D1FA2810997700C24C5A /* ColorOptions.swift in Sources */ = {isa = PBXBuildFile; fileRef = 7918D1F92810997700C24C5A /* ColorOptions.swift */; };
		7918D1FB2810997700C24C5A /* ColorOptions.swift in Sources */ = {isa = PBXBuildFile; fileRef = 7918D1F92810997700C24C5A /* ColorOptions.swift */; };
		7918D1FE2810A60400C24C5A /* ClasseEditor.swift in Sources */ = {isa = PBXBuildFile; fileRef = 7918D1FD2810A60400C24C5A /* ClasseEditor.swift */; };
		7918D1FF2810A60400C24C5A /* ClasseEditor.swift in Sources */ = {isa = PBXBuildFile; fileRef = 7918D1FD2810A60400C24C5A /* ClasseEditor.swift */; };
		7918D2012810A86100C24C5A /* ClasseDetail.swift in Sources */ = {isa = PBXBuildFile; fileRef = 7918D2002810A86100C24C5A /* ClasseDetail.swift */; };
		7918D2022810A86100C24C5A /* ClasseDetail.swift in Sources */ = {isa = PBXBuildFile; fileRef = 7918D2002810A86100C24C5A /* ClasseDetail.swift */; };
		791C26D128142B6300686F0C /* ObservationStore.swift in Sources */ = {isa = PBXBuildFile; fileRef = 791C26D028142B6300686F0C /* ObservationStore.swift */; };
		791C26D228142B6300686F0C /* ObservationStore.swift in Sources */ = {isa = PBXBuildFile; fileRef = 791C26D028142B6300686F0C /* ObservationStore.swift */; };
		791C26D428142D7100686F0C /* ColleStore.swift in Sources */ = {isa = PBXBuildFile; fileRef = 791C26D328142D7100686F0C /* ColleStore.swift */; };
		791C26D528142D7100686F0C /* ColleStore.swift in Sources */ = {isa = PBXBuildFile; fileRef = 791C26D328142D7100686F0C /* ColleStore.swift */; };
		791C26D72814378A00686F0C /* EleveManager.swift in Sources */ = {isa = PBXBuildFile; fileRef = 791C26D62814378A00686F0C /* EleveManager.swift */; };
		791C26D82814378A00686F0C /* EleveManager.swift in Sources */ = {isa = PBXBuildFile; fileRef = 791C26D62814378A00686F0C /* EleveManager.swift */; };
		791C26DC281447BD00686F0C /* EleveBrowserView.swift in Sources */ = {isa = PBXBuildFile; fileRef = 791C26DB281447BD00686F0C /* EleveBrowserView.swift */; };
		791C26DD281447BD00686F0C /* EleveBrowserView.swift in Sources */ = {isa = PBXBuildFile; fileRef = 791C26DB281447BD00686F0C /* EleveBrowserView.swift */; };
		791C26DF28144BE800686F0C /* EleveBrowserRow.swift in Sources */ = {isa = PBXBuildFile; fileRef = 791C26DE28144BE800686F0C /* EleveBrowserRow.swift */; };
		791C26E028144BE800686F0C /* EleveBrowserRow.swift in Sources */ = {isa = PBXBuildFile; fileRef = 791C26DE28144BE800686F0C /* EleveBrowserRow.swift */; };
		791C26E228145E4700686F0C /* EleveColleLabel.swift in Sources */ = {isa = PBXBuildFile; fileRef = 791C26E128145E4700686F0C /* EleveColleLabel.swift */; };
		791C26E328145E4700686F0C /* EleveColleLabel.swift in Sources */ = {isa = PBXBuildFile; fileRef = 791C26E128145E4700686F0C /* EleveColleLabel.swift */; };
		791C26E528145F8E00686F0C /* EleveObservLabel.swift in Sources */ = {isa = PBXBuildFile; fileRef = 791C26E428145F8E00686F0C /* EleveObservLabel.swift */; };
		791C26E628145F8E00686F0C /* EleveObservLabel.swift in Sources */ = {isa = PBXBuildFile; fileRef = 791C26E428145F8E00686F0C /* EleveObservLabel.swift */; };
		791C26E928146B4300686F0C /* EleveObservRow.swift in Sources */ = {isa = PBXBuildFile; fileRef = 791C26E828146B4300686F0C /* EleveObservRow.swift */; };
		791C26EA28146B4300686F0C /* EleveObservRow.swift in Sources */ = {isa = PBXBuildFile; fileRef = 791C26E828146B4300686F0C /* EleveObservRow.swift */; };
		791C26EC28146F8F00686F0C /* EleveColleRow.swift in Sources */ = {isa = PBXBuildFile; fileRef = 791C26EB28146F8F00686F0C /* EleveColleRow.swift */; };
		791C26ED28146F8F00686F0C /* EleveColleRow.swift in Sources */ = {isa = PBXBuildFile; fileRef = 791C26EB28146F8F00686F0C /* EleveColleRow.swift */; };
		791C26EF281475CC00686F0C /* ClasseObservLabel.swift in Sources */ = {isa = PBXBuildFile; fileRef = 791C26EE281475CC00686F0C /* ClasseObservLabel.swift */; };
		791C26F0281475CC00686F0C /* ClasseObservLabel.swift in Sources */ = {isa = PBXBuildFile; fileRef = 791C26EE281475CC00686F0C /* ClasseObservLabel.swift */; };
		791C26F22814847B00686F0C /* ClasseColleLabel.swift in Sources */ = {isa = PBXBuildFile; fileRef = 791C26F12814847B00686F0C /* ClasseColleLabel.swift */; };
		791C26F32814847B00686F0C /* ClasseColleLabel.swift in Sources */ = {isa = PBXBuildFile; fileRef = 791C26F12814847B00686F0C /* ClasseColleLabel.swift */; };
		791C26F528148D2D00686F0C /* ObservEditor.swift in Sources */ = {isa = PBXBuildFile; fileRef = 791C26F428148D2D00686F0C /* ObservEditor.swift */; };
		791C26F628148D2D00686F0C /* ObservEditor.swift in Sources */ = {isa = PBXBuildFile; fileRef = 791C26F428148D2D00686F0C /* ObservEditor.swift */; };
		791C26F828149E7E00686F0C /* ObservDetail.swift in Sources */ = {isa = PBXBuildFile; fileRef = 791C26F728149E7E00686F0C /* ObservDetail.swift */; };
		791C26F928149E7E00686F0C /* ObservDetail.swift in Sources */ = {isa = PBXBuildFile; fileRef = 791C26F728149E7E00686F0C /* ObservDetail.swift */; };
		791C26FB2814A43400686F0C /* ColleEditor.swift in Sources */ = {isa = PBXBuildFile; fileRef = 791C26FA2814A43400686F0C /* ColleEditor.swift */; };
		791C26FC2814A43400686F0C /* ColleEditor.swift in Sources */ = {isa = PBXBuildFile; fileRef = 791C26FA2814A43400686F0C /* ColleEditor.swift */; };
		791C26FE2814A64E00686F0C /* ColleDetail.swift in Sources */ = {isa = PBXBuildFile; fileRef = 791C26FD2814A64E00686F0C /* ColleDetail.swift */; };
		791C26FF2814A64E00686F0C /* ColleDetail.swift in Sources */ = {isa = PBXBuildFile; fileRef = 791C26FD2814A64E00686F0C /* ColleDetail.swift */; };
		79502BA42818716500DA798F /* ObservBrowserView.swift in Sources */ = {isa = PBXBuildFile; fileRef = 79502BA32818716500DA798F /* ObservBrowserView.swift */; };
		79502BA52818716500DA798F /* ObservBrowserView.swift in Sources */ = {isa = PBXBuildFile; fileRef = 79502BA32818716500DA798F /* ObservBrowserView.swift */; };
		79502BA72818945200DA798F /* ObservBrowserRow.swift in Sources */ = {isa = PBXBuildFile; fileRef = 79502BA62818945200DA798F /* ObservBrowserRow.swift */; };
		79502BA82818945200DA798F /* ObservBrowserRow.swift in Sources */ = {isa = PBXBuildFile; fileRef = 79502BA62818945200DA798F /* ObservBrowserRow.swift */; };
		79502BAA2820407500DA798F /* EleveLabel.swift in Sources */ = {isa = PBXBuildFile; fileRef = 79502BA92820407500DA798F /* EleveLabel.swift */; };
		79502BAB2820407500DA798F /* EleveLabel.swift in Sources */ = {isa = PBXBuildFile; fileRef = 79502BA92820407500DA798F /* EleveLabel.swift */; };
		7953631C280DC44C00AB8600 /* SchoolStore.swift in Sources */ = {isa = PBXBuildFile; fileRef = 7953631B280DC44B00AB8600 /* SchoolStore.swift */; };
		7953631D280DC44C00AB8600 /* SchoolStore.swift in Sources */ = {isa = PBXBuildFile; fileRef = 7953631B280DC44B00AB8600 /* SchoolStore.swift */; };
		7953631F280DC4D800AB8600 /* ClassStore.swift in Sources */ = {isa = PBXBuildFile; fileRef = 7953631E280DC4D800AB8600 /* ClassStore.swift */; };
		79536320280DC4D800AB8600 /* ClassStore.swift in Sources */ = {isa = PBXBuildFile; fileRef = 7953631E280DC4D800AB8600 /* ClassStore.swift */; };
		795BC3D22812E0B100C22271 /* ClasseBrowserView.swift in Sources */ = {isa = PBXBuildFile; fileRef = 795BC3D12812E0B100C22271 /* ClasseBrowserView.swift */; };
		795BC3D32812E0B100C22271 /* ClasseBrowserView.swift in Sources */ = {isa = PBXBuildFile; fileRef = 795BC3D12812E0B100C22271 /* ClasseBrowserView.swift */; };
		795BC3D52812E0D700C22271 /* ClassBrowserRow.swift in Sources */ = {isa = PBXBuildFile; fileRef = 795BC3D42812E0D700C22271 /* ClassBrowserRow.swift */; };
		795BC3D62812E0D700C22271 /* ClassBrowserRow.swift in Sources */ = {isa = PBXBuildFile; fileRef = 795BC3D42812E0D700C22271 /* ClassBrowserRow.swift */; };
		795BC3D82812E0FF00C22271 /* SchoolClasseRow.swift in Sources */ = {isa = PBXBuildFile; fileRef = 795BC3D72812E0FF00C22271 /* SchoolClasseRow.swift */; };
		795BC3D92812E0FF00C22271 /* SchoolClasseRow.swift in Sources */ = {isa = PBXBuildFile; fileRef = 795BC3D72812E0FF00C22271 /* SchoolClasseRow.swift */; };
		795BC3DB2813055200C22271 /* EleveStore.swift in Sources */ = {isa = PBXBuildFile; fileRef = 795BC3DA2813055200C22271 /* EleveStore.swift */; };
		795BC3DC2813055200C22271 /* EleveStore.swift in Sources */ = {isa = PBXBuildFile; fileRef = 795BC3DA2813055200C22271 /* EleveStore.swift */; };
		795BC3DF2813105A00C22271 /* ClasseEleveRow.swift in Sources */ = {isa = PBXBuildFile; fileRef = 795BC3DE2813105A00C22271 /* ClasseEleveRow.swift */; };
		795BC3E02813105A00C22271 /* ClasseEleveRow.swift in Sources */ = {isa = PBXBuildFile; fileRef = 795BC3DE2813105A00C22271 /* ClasseEleveRow.swift */; };
		795BC3E22813277B00C22271 /* EleveEditor.swift in Sources */ = {isa = PBXBuildFile; fileRef = 795BC3E12813277B00C22271 /* EleveEditor.swift */; };
		795BC3E32813277B00C22271 /* EleveEditor.swift in Sources */ = {isa = PBXBuildFile; fileRef = 795BC3E12813277B00C22271 /* EleveEditor.swift */; };
		795BC3E5281337E600C22271 /* EleveDetail.swift in Sources */ = {isa = PBXBuildFile; fileRef = 795BC3E4281337E600C22271 /* EleveDetail.swift */; };
		795BC3E6281337E600C22271 /* EleveDetail.swift in Sources */ = {isa = PBXBuildFile; fileRef = 795BC3E4281337E600C22271 /* EleveDetail.swift */; };
		795FAB292809C4E2004CB120 /* SchoolBrowserView.swift in Sources */ = {isa = PBXBuildFile; fileRef = 795FAB282809C4E2004CB120 /* SchoolBrowserView.swift */; };
		795FAB2B2809C813004CB120 /* SchoolBrowserRow.swift in Sources */ = {isa = PBXBuildFile; fileRef = 795FAB2A2809C813004CB120 /* SchoolBrowserRow.swift */; };
		795FAB2D2809C830004CB120 /* SchoolEditor.swift in Sources */ = {isa = PBXBuildFile; fileRef = 795FAB2C2809C830004CB120 /* SchoolEditor.swift */; };
		795FAB2F2809E54C004CB120 /* SchoolDetail.swift in Sources */ = {isa = PBXBuildFile; fileRef = 795FAB2E2809E54C004CB120 /* SchoolDetail.swift */; };
		795FAB312809FB0B004CB120 /* HelpersView in Frameworks */ = {isa = PBXBuildFile; productRef = 795FAB302809FB0B004CB120 /* HelpersView */; };
		797FA2E8280ACFD7002524F3 /* Fakes.swift in Sources */ = {isa = PBXBuildFile; fileRef = 797FA2E7280ACFD7002524F3 /* Fakes.swift */; };
		797FA2E9280ACFD7002524F3 /* Fakes.swift in Sources */ = {isa = PBXBuildFile; fileRef = 797FA2E7280ACFD7002524F3 /* Fakes.swift */; };
		7986E7DF282918320011FF21 /* Persistence.swift in Sources */ = {isa = PBXBuildFile; fileRef = 7986E7DE282918320011FF21 /* Persistence.swift */; };
		7986E7E0282918320011FF21 /* Persistence.swift in Sources */ = {isa = PBXBuildFile; fileRef = 7986E7DE282918320011FF21 /* Persistence.swift */; };
		7986E7E228291DA00011FF21 /* AppVersion.json in Resources */ = {isa = PBXBuildFile; fileRef = 7986E7E128291DA00011FF21 /* AppVersion.json */; };
		7986E7E328291DA00011FF21 /* AppVersion.json in Resources */ = {isa = PBXBuildFile; fileRef = 7986E7E128291DA00011FF21 /* AppVersion.json */; };
		7986E7EA282930340011FF21 /* ConfirmationDialogs.swift in Sources */ = {isa = PBXBuildFile; fileRef = 7986E7E9282930340011FF21 /* ConfirmationDialogs.swift */; };
		7986E7EB282930340011FF21 /* ConfirmationDialogs.swift in Sources */ = {isa = PBXBuildFile; fileRef = 7986E7E9282930340011FF21 /* ConfirmationDialogs.swift */; };
		79935D372824906B005C20BD /* Share.swift in Sources */ = {isa = PBXBuildFile; fileRef = 79935D362824906B005C20BD /* Share.swift */; };
		79935D382824906B005C20BD /* Share.swift in Sources */ = {isa = PBXBuildFile; fileRef = 79935D362824906B005C20BD /* Share.swift */; };
		79BB0B492816FAE5002AAABA /* Motif.swift in Sources */ = {isa = PBXBuildFile; fileRef = 79BB0B482816FAE5002AAABA /* Motif.swift */; };
		79BB0B4A2816FAE5002AAABA /* Motif.swift in Sources */ = {isa = PBXBuildFile; fileRef = 79BB0B482816FAE5002AAABA /* Motif.swift */; };
		79BB0B4D28170CEC002AAABA /* MotifView.swift in Sources */ = {isa = PBXBuildFile; fileRef = 79BB0B4C28170CEC002AAABA /* MotifView.swift */; };
		79BB0B4E28170CEC002AAABA /* MotifView.swift in Sources */ = {isa = PBXBuildFile; fileRef = 79BB0B4C28170CEC002AAABA /* MotifView.swift */; };
		79BB0B502817138D002AAABA /* MotifEditor.swift in Sources */ = {isa = PBXBuildFile; fileRef = 79BB0B4F2817138D002AAABA /* MotifEditor.swift */; };
		79BB0B512817138D002AAABA /* MotifEditor.swift in Sources */ = {isa = PBXBuildFile; fileRef = 79BB0B4F2817138D002AAABA /* MotifEditor.swift */; };
		79D583F728204A3A00371EB3 /* ObservNotifIcon.swift in Sources */ = {isa = PBXBuildFile; fileRef = 79D583F628204A3A00371EB3 /* ObservNotifIcon.swift */; };
		79D583F828204A3A00371EB3 /* ObservNotifIcon.swift in Sources */ = {isa = PBXBuildFile; fileRef = 79D583F628204A3A00371EB3 /* ObservNotifIcon.swift */; };
		79D583FA28204A6A00371EB3 /* ObservSignIcon.swift in Sources */ = {isa = PBXBuildFile; fileRef = 79D583F928204A6A00371EB3 /* ObservSignIcon.swift */; };
		79D583FB28204A6A00371EB3 /* ObservSignIcon.swift in Sources */ = {isa = PBXBuildFile; fileRef = 79D583F928204A6A00371EB3 /* ObservSignIcon.swift */; };
		79D583FD28204EBE00371EB3 /* ColleBrowserView.swift in Sources */ = {isa = PBXBuildFile; fileRef = 79D583FC28204EBE00371EB3 /* ColleBrowserView.swift */; };
		79D583FE28204EBE00371EB3 /* ColleBrowserView.swift in Sources */ = {isa = PBXBuildFile; fileRef = 79D583FC28204EBE00371EB3 /* ColleBrowserView.swift */; };
		79D584002820535B00371EB3 /* ColleBrowserRow.swift in Sources */ = {isa = PBXBuildFile; fileRef = 79D583FF2820535B00371EB3 /* ColleBrowserRow.swift */; };
		79D584012820535B00371EB3 /* ColleBrowserRow.swift in Sources */ = {isa = PBXBuildFile; fileRef = 79D583FF2820535B00371EB3 /* ColleBrowserRow.swift */; };
		79D58403282053C300371EB3 /* ColleNotifIcon.swift in Sources */ = {isa = PBXBuildFile; fileRef = 79D58402282053C300371EB3 /* ColleNotifIcon.swift */; };
		79D58404282053C300371EB3 /* ColleNotifIcon.swift in Sources */ = {isa = PBXBuildFile; fileRef = 79D58402282053C300371EB3 /* ColleNotifIcon.swift */; };
		79E109EF28219AF700689212 /* FileAndFolder in Frameworks */ = {isa = PBXBuildFile; productRef = 79E109EE28219AF700689212 /* FileAndFolder */; };
		79E109F128219AF700689212 /* Persistable in Frameworks */ = {isa = PBXBuildFile; productRef = 79E109F028219AF700689212 /* Persistable */; };
		79E109F328219AF700689212 /* Stateful in Frameworks */ = {isa = PBXBuildFile; productRef = 79E109F228219AF700689212 /* Stateful */; };
		79F102D12821B816005E5D9C /* JsonCodableArray.swift in Sources */ = {isa = PBXBuildFile; fileRef = 79F102D02821B816005E5D9C /* JsonCodableArray.swift */; };
		79F102D22821B816005E5D9C /* JsonCodableArray.swift in Sources */ = {isa = PBXBuildFile; fileRef = 79F102D02821B816005E5D9C /* JsonCodableArray.swift */; };
		79F102E228232F36005E5D9C /* Eleve.json in Resources */ = {isa = PBXBuildFile; fileRef = 79F102DD28232F36005E5D9C /* Eleve.json */; };
		79F102E328232F36005E5D9C /* Eleve.json in Resources */ = {isa = PBXBuildFile; fileRef = 79F102DD28232F36005E5D9C /* Eleve.json */; };
		79F102E428232F36005E5D9C /* Colle.json in Resources */ = {isa = PBXBuildFile; fileRef = 79F102DE28232F36005E5D9C /* Colle.json */; };
		79F102E528232F36005E5D9C /* Colle.json in Resources */ = {isa = PBXBuildFile; fileRef = 79F102DE28232F36005E5D9C /* Colle.json */; };
		79F102E628232F36005E5D9C /* Observation.json in Resources */ = {isa = PBXBuildFile; fileRef = 79F102DF28232F36005E5D9C /* Observation.json */; };
		79F102E728232F36005E5D9C /* Observation.json in Resources */ = {isa = PBXBuildFile; fileRef = 79F102DF28232F36005E5D9C /* Observation.json */; };
		79F102E828232F36005E5D9C /* School.json in Resources */ = {isa = PBXBuildFile; fileRef = 79F102E028232F36005E5D9C /* School.json */; };
		79F102E928232F36005E5D9C /* School.json in Resources */ = {isa = PBXBuildFile; fileRef = 79F102E028232F36005E5D9C /* School.json */; };
		79F102EA28232F36005E5D9C /* Classe.json in Resources */ = {isa = PBXBuildFile; fileRef = 79F102E128232F36005E5D9C /* Classe.json */; };
		79F102EB28232F36005E5D9C /* Classe.json in Resources */ = {isa = PBXBuildFile; fileRef = 79F102E128232F36005E5D9C /* Classe.json */; };
		79F3ABA72808218300D068D9 /* Tests_iOS.swift in Sources */ = {isa = PBXBuildFile; fileRef = 79F3ABA62808218300D068D9 /* Tests_iOS.swift */; };
		79F3ABA92808218300D068D9 /* Tests_iOSLaunchTests.swift in Sources */ = {isa = PBXBuildFile; fileRef = 79F3ABA82808218300D068D9 /* Tests_iOSLaunchTests.swift */; };
		79F3ABB32808218300D068D9 /* Tests_macOS.swift in Sources */ = {isa = PBXBuildFile; fileRef = 79F3ABB22808218300D068D9 /* Tests_macOS.swift */; };
		79F3ABB52808218300D068D9 /* Tests_macOSLaunchTests.swift in Sources */ = {isa = PBXBuildFile; fileRef = 79F3ABB42808218300D068D9 /* Tests_macOSLaunchTests.swift */; };
		79F3ABB62808218300D068D9 /* Cahier_du_ProfesseurApp.swift in Sources */ = {isa = PBXBuildFile; fileRef = 79F3AB8E2808218100D068D9 /* Cahier_du_ProfesseurApp.swift */; };
		79F3ABB72808218300D068D9 /* Cahier_du_ProfesseurApp.swift in Sources */ = {isa = PBXBuildFile; fileRef = 79F3AB8E2808218100D068D9 /* Cahier_du_ProfesseurApp.swift */; };
		79F3ABB82808218300D068D9 /* ContentView.swift in Sources */ = {isa = PBXBuildFile; fileRef = 79F3AB8F2808218100D068D9 /* ContentView.swift */; };
		79F3ABB92808218300D068D9 /* ContentView.swift in Sources */ = {isa = PBXBuildFile; fileRef = 79F3AB8F2808218100D068D9 /* ContentView.swift */; };
		79F3ABBA2808218300D068D9 /* Assets.xcassets in Resources */ = {isa = PBXBuildFile; fileRef = 79F3AB902808218300D068D9 /* Assets.xcassets */; };
		79F3ABBB2808218300D068D9 /* Assets.xcassets in Resources */ = {isa = PBXBuildFile; fileRef = 79F3AB902808218300D068D9 /* Assets.xcassets */; };
		79F3ABCD2808222C00D068D9 /* School.swift in Sources */ = {isa = PBXBuildFile; fileRef = 79F3ABCC2808222C00D068D9 /* School.swift */; };
		79F3ABCE2808222C00D068D9 /* School.swift in Sources */ = {isa = PBXBuildFile; fileRef = 79F3ABCC2808222C00D068D9 /* School.swift */; };
		79F3ABD02808225800D068D9 /* Classe.swift in Sources */ = {isa = PBXBuildFile; fileRef = 79F3ABCF2808225800D068D9 /* Classe.swift */; };
		79F3ABD12808225800D068D9 /* Classe.swift in Sources */ = {isa = PBXBuildFile; fileRef = 79F3ABCF2808225800D068D9 /* Classe.swift */; };
		79F3ABD32808229A00D068D9 /* Eleve.swift in Sources */ = {isa = PBXBuildFile; fileRef = 79F3ABD22808229A00D068D9 /* Eleve.swift */; };
		79F3ABD42808229A00D068D9 /* Eleve.swift in Sources */ = {isa = PBXBuildFile; fileRef = 79F3ABD22808229A00D068D9 /* Eleve.swift */; };
		79F3ABD6280822BD00D068D9 /* NiveauClasse.swift in Sources */ = {isa = PBXBuildFile; fileRef = 79F3ABD5280822BD00D068D9 /* NiveauClasse.swift */; };
		79F3ABD7280822BD00D068D9 /* NiveauClasse.swift in Sources */ = {isa = PBXBuildFile; fileRef = 79F3ABD5280822BD00D068D9 /* NiveauClasse.swift */; };
		79F3ABD9280823D900D068D9 /* NiveauSchool.swift in Sources */ = {isa = PBXBuildFile; fileRef = 79F3ABD8280823D900D068D9 /* NiveauSchool.swift */; };
		79F3ABDA280823D900D068D9 /* NiveauSchool.swift in Sources */ = {isa = PBXBuildFile; fileRef = 79F3ABD8280823D900D068D9 /* NiveauSchool.swift */; };
		79F3ABDC280826A400D068D9 /* Sexe.swift in Sources */ = {isa = PBXBuildFile; fileRef = 79F3ABDB280826A400D068D9 /* Sexe.swift */; };
		79F3ABDD280826A400D068D9 /* Sexe.swift in Sources */ = {isa = PBXBuildFile; fileRef = 79F3ABDB280826A400D068D9 /* Sexe.swift */; };
		79F3ABE02808305400D068D9 /* AppFoundation in Frameworks */ = {isa = PBXBuildFile; productRef = 79F3ABDF2808305400D068D9 /* AppFoundation */; };
		79F3ABE7280844C000D068D9 /* ClasseManager.swift in Sources */ = {isa = PBXBuildFile; fileRef = 79F3ABE6280844C000D068D9 /* ClasseManager.swift */; };
		79F3ABE8280844C000D068D9 /* ClasseManager.swift in Sources */ = {isa = PBXBuildFile; fileRef = 79F3ABE6280844C000D068D9 /* ClasseManager.swift */; };
		79F3ABEA28086C4F00D068D9 /* SchoolManager.swift in Sources */ = {isa = PBXBuildFile; fileRef = 79F3ABE928086C4F00D068D9 /* SchoolManager.swift */; };
		79F3ABEB28086C4F00D068D9 /* SchoolManager.swift in Sources */ = {isa = PBXBuildFile; fileRef = 79F3ABE928086C4F00D068D9 /* SchoolManager.swift */; };
		79F3ABEF2808709100D068D9 /* Colle.swift in Sources */ = {isa = PBXBuildFile; fileRef = 79F3ABEE2808709100D068D9 /* Colle.swift */; };
		79F3ABF02808709100D068D9 /* Colle.swift in Sources */ = {isa = PBXBuildFile; fileRef = 79F3ABEE2808709100D068D9 /* Colle.swift */; };
		79F3ABF228087D5600D068D9 /* Observation.swift in Sources */ = {isa = PBXBuildFile; fileRef = 79F3ABF128087D5600D068D9 /* Observation.swift */; };
		79F3ABF328087D5600D068D9 /* Observation.swift in Sources */ = {isa = PBXBuildFile; fileRef = 79F3ABF128087D5600D068D9 /* Observation.swift */; };
		79F3ABF5280880CC00D068D9 /* ObservationManager.swift in Sources */ = {isa = PBXBuildFile; fileRef = 79F3ABF4280880CC00D068D9 /* ObservationManager.swift */; };
		79F3ABF6280880CC00D068D9 /* ObservationManager.swift in Sources */ = {isa = PBXBuildFile; fileRef = 79F3ABF4280880CC00D068D9 /* ObservationManager.swift */; };
		79F3ABF82808818D00D068D9 /* ColleManager.swift in Sources */ = {isa = PBXBuildFile; fileRef = 79F3ABF72808818D00D068D9 /* ColleManager.swift */; };
		79F3ABF92808818D00D068D9 /* ColleManager.swift in Sources */ = {isa = PBXBuildFile; fileRef = 79F3ABF72808818D00D068D9 /* ColleManager.swift */; };
		79F3ABFE2808C68700D068D9 /* UIState.swift in Sources */ = {isa = PBXBuildFile; fileRef = 79F3ABFD2808C68700D068D9 /* UIState.swift */; };
		79F3ABFF2808C68700D068D9 /* UIState.swift in Sources */ = {isa = PBXBuildFile; fileRef = 79F3ABFD2808C68700D068D9 /* UIState.swift */; };
		79F3AC012808C76B00D068D9 /* MainScene.swift in Sources */ = {isa = PBXBuildFile; fileRef = 79F3AC002808C76A00D068D9 /* MainScene.swift */; };
		79F3AC022808C76B00D068D9 /* MainScene.swift in Sources */ = {isa = PBXBuildFile; fileRef = 79F3AC002808C76A00D068D9 /* MainScene.swift */; };
		79F3AC042808CA2500D068D9 /* SchoolSidebarView.swift in Sources */ = {isa = PBXBuildFile; fileRef = 79F3AC032808CA2500D068D9 /* SchoolSidebarView.swift */; };
		79F3AC072808CA4C00D068D9 /* ClasseSidebarView.swift in Sources */ = {isa = PBXBuildFile; fileRef = 79F3AC062808CA4C00D068D9 /* ClasseSidebarView.swift */; };
		79F3AC082808CA4C00D068D9 /* ClasseSidebarView.swift in Sources */ = {isa = PBXBuildFile; fileRef = 79F3AC062808CA4C00D068D9 /* ClasseSidebarView.swift */; };
		79F3AC0A2808CA6E00D068D9 /* EleveSidebarView.swift in Sources */ = {isa = PBXBuildFile; fileRef = 79F3AC092808CA6E00D068D9 /* EleveSidebarView.swift */; };
		79F3AC0B2808CA6E00D068D9 /* EleveSidebarView.swift in Sources */ = {isa = PBXBuildFile; fileRef = 79F3AC092808CA6E00D068D9 /* EleveSidebarView.swift */; };
		79F3AC0D2808CA8700D068D9 /* ColleSidebarView.swift in Sources */ = {isa = PBXBuildFile; fileRef = 79F3AC0C2808CA8700D068D9 /* ColleSidebarView.swift */; };
		79F3AC0E2808CA8700D068D9 /* ColleSidebarView.swift in Sources */ = {isa = PBXBuildFile; fileRef = 79F3AC0C2808CA8700D068D9 /* ColleSidebarView.swift */; };
		79F3AC102808CAA600D068D9 /* ObservSidebarView.swift in Sources */ = {isa = PBXBuildFile; fileRef = 79F3AC0F2808CAA600D068D9 /* ObservSidebarView.swift */; };
		79F3AC112808CAA600D068D9 /* ObservSidebarView.swift in Sources */ = {isa = PBXBuildFile; fileRef = 79F3AC0F2808CAA600D068D9 /* ObservSidebarView.swift */; };
		79FFDCD62825E950009D7452 /* importCSV.swift in Sources */ = {isa = PBXBuildFile; fileRef = 79FFDCD52825E94F009D7452 /* importCSV.swift */; };
		79FFDCD72825E950009D7452 /* importCSV.swift in Sources */ = {isa = PBXBuildFile; fileRef = 79FFDCD52825E94F009D7452 /* importCSV.swift */; };
/* End PBXBuildFile section */

/* Begin PBXContainerItemProxy section */
		79F3ABA32808218300D068D9 /* PBXContainerItemProxy */ = {
			isa = PBXContainerItemProxy;
			containerPortal = 79F3AB892808218000D068D9 /* Project object */;
			proxyType = 1;
			remoteGlobalIDString = 79F3AB942808218300D068D9;
			remoteInfo = "Cahier du Professeur (iOS)";
		};
		79F3ABAF2808218300D068D9 /* PBXContainerItemProxy */ = {
			isa = PBXContainerItemProxy;
			containerPortal = 79F3AB892808218000D068D9 /* Project object */;
			proxyType = 1;
			remoteGlobalIDString = 79F3AB9A2808218300D068D9;
			remoteInfo = "Cahier du Professeur (macOS)";
		};
/* End PBXContainerItemProxy section */

/* Begin PBXFileReference section */
		7918D1F92810997700C24C5A /* ColorOptions.swift */ = {isa = PBXFileReference; lastKnownFileType = sourcecode.swift; path = ColorOptions.swift; sourceTree = "<group>"; };
		7918D1FD2810A60400C24C5A /* ClasseEditor.swift */ = {isa = PBXFileReference; lastKnownFileType = sourcecode.swift; path = ClasseEditor.swift; sourceTree = "<group>"; };
		7918D2002810A86100C24C5A /* ClasseDetail.swift */ = {isa = PBXFileReference; lastKnownFileType = sourcecode.swift; path = ClasseDetail.swift; sourceTree = "<group>"; };
		791C26D028142B6300686F0C /* ObservationStore.swift */ = {isa = PBXFileReference; lastKnownFileType = sourcecode.swift; path = ObservationStore.swift; sourceTree = "<group>"; };
		791C26D328142D7100686F0C /* ColleStore.swift */ = {isa = PBXFileReference; lastKnownFileType = sourcecode.swift; path = ColleStore.swift; sourceTree = "<group>"; };
		791C26D62814378A00686F0C /* EleveManager.swift */ = {isa = PBXFileReference; lastKnownFileType = sourcecode.swift; path = EleveManager.swift; sourceTree = "<group>"; };
		791C26DB281447BD00686F0C /* EleveBrowserView.swift */ = {isa = PBXFileReference; lastKnownFileType = sourcecode.swift; path = EleveBrowserView.swift; sourceTree = "<group>"; };
		791C26DE28144BE800686F0C /* EleveBrowserRow.swift */ = {isa = PBXFileReference; lastKnownFileType = sourcecode.swift; path = EleveBrowserRow.swift; sourceTree = "<group>"; };
		791C26E128145E4700686F0C /* EleveColleLabel.swift */ = {isa = PBXFileReference; lastKnownFileType = sourcecode.swift; path = EleveColleLabel.swift; sourceTree = "<group>"; };
		791C26E428145F8E00686F0C /* EleveObservLabel.swift */ = {isa = PBXFileReference; lastKnownFileType = sourcecode.swift; path = EleveObservLabel.swift; sourceTree = "<group>"; };
		791C26E828146B4300686F0C /* EleveObservRow.swift */ = {isa = PBXFileReference; lastKnownFileType = sourcecode.swift; path = EleveObservRow.swift; sourceTree = "<group>"; };
		791C26EB28146F8F00686F0C /* EleveColleRow.swift */ = {isa = PBXFileReference; lastKnownFileType = sourcecode.swift; path = EleveColleRow.swift; sourceTree = "<group>"; };
		791C26EE281475CC00686F0C /* ClasseObservLabel.swift */ = {isa = PBXFileReference; lastKnownFileType = sourcecode.swift; path = ClasseObservLabel.swift; sourceTree = "<group>"; };
		791C26F12814847B00686F0C /* ClasseColleLabel.swift */ = {isa = PBXFileReference; lastKnownFileType = sourcecode.swift; path = ClasseColleLabel.swift; sourceTree = "<group>"; };
		791C26F428148D2D00686F0C /* ObservEditor.swift */ = {isa = PBXFileReference; lastKnownFileType = sourcecode.swift; path = ObservEditor.swift; sourceTree = "<group>"; };
		791C26F728149E7E00686F0C /* ObservDetail.swift */ = {isa = PBXFileReference; lastKnownFileType = sourcecode.swift; path = ObservDetail.swift; sourceTree = "<group>"; };
		791C26FA2814A43400686F0C /* ColleEditor.swift */ = {isa = PBXFileReference; lastKnownFileType = sourcecode.swift; path = ColleEditor.swift; sourceTree = "<group>"; };
		791C26FD2814A64E00686F0C /* ColleDetail.swift */ = {isa = PBXFileReference; lastKnownFileType = sourcecode.swift; path = ColleDetail.swift; sourceTree = "<group>"; };
		79502BA32818716500DA798F /* ObservBrowserView.swift */ = {isa = PBXFileReference; lastKnownFileType = sourcecode.swift; path = ObservBrowserView.swift; sourceTree = "<group>"; };
		79502BA62818945200DA798F /* ObservBrowserRow.swift */ = {isa = PBXFileReference; lastKnownFileType = sourcecode.swift; path = ObservBrowserRow.swift; sourceTree = "<group>"; };
		79502BA92820407500DA798F /* EleveLabel.swift */ = {isa = PBXFileReference; lastKnownFileType = sourcecode.swift; path = EleveLabel.swift; sourceTree = "<group>"; };
		7953631B280DC44B00AB8600 /* SchoolStore.swift */ = {isa = PBXFileReference; lastKnownFileType = sourcecode.swift; path = SchoolStore.swift; sourceTree = "<group>"; };
		7953631E280DC4D800AB8600 /* ClassStore.swift */ = {isa = PBXFileReference; lastKnownFileType = sourcecode.swift; path = ClassStore.swift; sourceTree = "<group>"; };
		795BC3D12812E0B100C22271 /* ClasseBrowserView.swift */ = {isa = PBXFileReference; fileEncoding = 4; lastKnownFileType = sourcecode.swift; path = ClasseBrowserView.swift; sourceTree = "<group>"; };
		795BC3D42812E0D700C22271 /* ClassBrowserRow.swift */ = {isa = PBXFileReference; fileEncoding = 4; lastKnownFileType = sourcecode.swift; path = ClassBrowserRow.swift; sourceTree = "<group>"; };
		795BC3D72812E0FF00C22271 /* SchoolClasseRow.swift */ = {isa = PBXFileReference; fileEncoding = 4; lastKnownFileType = sourcecode.swift; path = SchoolClasseRow.swift; sourceTree = "<group>"; };
		795BC3DA2813055200C22271 /* EleveStore.swift */ = {isa = PBXFileReference; lastKnownFileType = sourcecode.swift; path = EleveStore.swift; sourceTree = "<group>"; };
		795BC3DE2813105A00C22271 /* ClasseEleveRow.swift */ = {isa = PBXFileReference; lastKnownFileType = sourcecode.swift; path = ClasseEleveRow.swift; sourceTree = "<group>"; };
		795BC3E12813277B00C22271 /* EleveEditor.swift */ = {isa = PBXFileReference; lastKnownFileType = sourcecode.swift; path = EleveEditor.swift; sourceTree = "<group>"; };
		795BC3E4281337E600C22271 /* EleveDetail.swift */ = {isa = PBXFileReference; lastKnownFileType = sourcecode.swift; path = EleveDetail.swift; sourceTree = "<group>"; };
		795FAB282809C4E2004CB120 /* SchoolBrowserView.swift */ = {isa = PBXFileReference; lastKnownFileType = sourcecode.swift; path = SchoolBrowserView.swift; sourceTree = "<group>"; };
		795FAB2A2809C813004CB120 /* SchoolBrowserRow.swift */ = {isa = PBXFileReference; lastKnownFileType = sourcecode.swift; path = SchoolBrowserRow.swift; sourceTree = "<group>"; };
		795FAB2C2809C830004CB120 /* SchoolEditor.swift */ = {isa = PBXFileReference; lastKnownFileType = sourcecode.swift; path = SchoolEditor.swift; sourceTree = "<group>"; };
		795FAB2E2809E54C004CB120 /* SchoolDetail.swift */ = {isa = PBXFileReference; lastKnownFileType = sourcecode.swift; path = SchoolDetail.swift; sourceTree = "<group>"; };
		797FA2E7280ACFD7002524F3 /* Fakes.swift */ = {isa = PBXFileReference; lastKnownFileType = sourcecode.swift; path = Fakes.swift; sourceTree = "<group>"; };
		7986E7DE282918320011FF21 /* Persistence.swift */ = {isa = PBXFileReference; lastKnownFileType = sourcecode.swift; path = Persistence.swift; sourceTree = "<group>"; };
		7986E7E128291DA00011FF21 /* AppVersion.json */ = {isa = PBXFileReference; fileEncoding = 4; lastKnownFileType = text.json; path = AppVersion.json; sourceTree = "<group>"; };
		7986E7E9282930340011FF21 /* ConfirmationDialogs.swift */ = {isa = PBXFileReference; fileEncoding = 4; lastKnownFileType = sourcecode.swift; path = ConfirmationDialogs.swift; sourceTree = "<group>"; };
		79935D362824906B005C20BD /* Share.swift */ = {isa = PBXFileReference; lastKnownFileType = sourcecode.swift; path = Share.swift; sourceTree = "<group>"; };
		79BB0B482816FAE5002AAABA /* Motif.swift */ = {isa = PBXFileReference; lastKnownFileType = sourcecode.swift; path = Motif.swift; sourceTree = "<group>"; };
		79BB0B4C28170CEC002AAABA /* MotifView.swift */ = {isa = PBXFileReference; lastKnownFileType = sourcecode.swift; path = MotifView.swift; sourceTree = "<group>"; };
		79BB0B4F2817138D002AAABA /* MotifEditor.swift */ = {isa = PBXFileReference; lastKnownFileType = sourcecode.swift; path = MotifEditor.swift; sourceTree = "<group>"; };
		79D583F628204A3A00371EB3 /* ObservNotifIcon.swift */ = {isa = PBXFileReference; lastKnownFileType = sourcecode.swift; path = ObservNotifIcon.swift; sourceTree = "<group>"; };
		79D583F928204A6A00371EB3 /* ObservSignIcon.swift */ = {isa = PBXFileReference; lastKnownFileType = sourcecode.swift; path = ObservSignIcon.swift; sourceTree = "<group>"; };
		79D583FC28204EBE00371EB3 /* ColleBrowserView.swift */ = {isa = PBXFileReference; lastKnownFileType = sourcecode.swift; path = ColleBrowserView.swift; sourceTree = "<group>"; };
		79D583FF2820535B00371EB3 /* ColleBrowserRow.swift */ = {isa = PBXFileReference; lastKnownFileType = sourcecode.swift; path = ColleBrowserRow.swift; sourceTree = "<group>"; };
		79D58402282053C300371EB3 /* ColleNotifIcon.swift */ = {isa = PBXFileReference; lastKnownFileType = sourcecode.swift; path = ColleNotifIcon.swift; sourceTree = "<group>"; };
		79F102D02821B816005E5D9C /* JsonCodableArray.swift */ = {isa = PBXFileReference; lastKnownFileType = sourcecode.swift; path = JsonCodableArray.swift; sourceTree = "<group>"; };
		79F102DD28232F36005E5D9C /* Eleve.json */ = {isa = PBXFileReference; fileEncoding = 4; lastKnownFileType = text.json; path = Eleve.json; sourceTree = "<group>"; };
		79F102DE28232F36005E5D9C /* Colle.json */ = {isa = PBXFileReference; fileEncoding = 4; lastKnownFileType = text.json; path = Colle.json; sourceTree = "<group>"; };
		79F102DF28232F36005E5D9C /* Observation.json */ = {isa = PBXFileReference; fileEncoding = 4; lastKnownFileType = text.json; path = Observation.json; sourceTree = "<group>"; };
		79F102E028232F36005E5D9C /* School.json */ = {isa = PBXFileReference; fileEncoding = 4; lastKnownFileType = text.json; path = School.json; sourceTree = "<group>"; };
		79F102E128232F36005E5D9C /* Classe.json */ = {isa = PBXFileReference; fileEncoding = 4; lastKnownFileType = text.json; path = Classe.json; sourceTree = "<group>"; };
		79F3AB8E2808218100D068D9 /* Cahier_du_ProfesseurApp.swift */ = {isa = PBXFileReference; lastKnownFileType = sourcecode.swift; path = Cahier_du_ProfesseurApp.swift; sourceTree = "<group>"; };
		79F3AB8F2808218100D068D9 /* ContentView.swift */ = {isa = PBXFileReference; lastKnownFileType = sourcecode.swift; path = ContentView.swift; sourceTree = "<group>"; };
		79F3AB902808218300D068D9 /* Assets.xcassets */ = {isa = PBXFileReference; lastKnownFileType = folder.assetcatalog; path = Assets.xcassets; sourceTree = "<group>"; };
		79F3AB952808218300D068D9 /* Cahier du Professeur.app */ = {isa = PBXFileReference; explicitFileType = wrapper.application; includeInIndex = 0; path = "Cahier du Professeur.app"; sourceTree = BUILT_PRODUCTS_DIR; };
		79F3AB9B2808218300D068D9 /* Cahier du Professeur.app */ = {isa = PBXFileReference; explicitFileType = wrapper.application; includeInIndex = 0; path = "Cahier du Professeur.app"; sourceTree = BUILT_PRODUCTS_DIR; };
		79F3AB9D2808218300D068D9 /* macOS.entitlements */ = {isa = PBXFileReference; lastKnownFileType = text.plist.entitlements; path = macOS.entitlements; sourceTree = "<group>"; };
		79F3ABA22808218300D068D9 /* Tests iOS.xctest */ = {isa = PBXFileReference; explicitFileType = wrapper.cfbundle; includeInIndex = 0; path = "Tests iOS.xctest"; sourceTree = BUILT_PRODUCTS_DIR; };
		79F3ABA62808218300D068D9 /* Tests_iOS.swift */ = {isa = PBXFileReference; lastKnownFileType = sourcecode.swift; path = Tests_iOS.swift; sourceTree = "<group>"; };
		79F3ABA82808218300D068D9 /* Tests_iOSLaunchTests.swift */ = {isa = PBXFileReference; lastKnownFileType = sourcecode.swift; path = Tests_iOSLaunchTests.swift; sourceTree = "<group>"; };
		79F3ABAE2808218300D068D9 /* Tests macOS.xctest */ = {isa = PBXFileReference; explicitFileType = wrapper.cfbundle; includeInIndex = 0; path = "Tests macOS.xctest"; sourceTree = BUILT_PRODUCTS_DIR; };
		79F3ABB22808218300D068D9 /* Tests_macOS.swift */ = {isa = PBXFileReference; lastKnownFileType = sourcecode.swift; path = Tests_macOS.swift; sourceTree = "<group>"; };
		79F3ABB42808218300D068D9 /* Tests_macOSLaunchTests.swift */ = {isa = PBXFileReference; lastKnownFileType = sourcecode.swift; path = Tests_macOSLaunchTests.swift; sourceTree = "<group>"; };
		79F3ABCC2808222C00D068D9 /* School.swift */ = {isa = PBXFileReference; lastKnownFileType = sourcecode.swift; path = School.swift; sourceTree = "<group>"; };
		79F3ABCF2808225800D068D9 /* Classe.swift */ = {isa = PBXFileReference; lastKnownFileType = sourcecode.swift; path = Classe.swift; sourceTree = "<group>"; };
		79F3ABD22808229A00D068D9 /* Eleve.swift */ = {isa = PBXFileReference; lastKnownFileType = sourcecode.swift; path = Eleve.swift; sourceTree = "<group>"; };
		79F3ABD5280822BD00D068D9 /* NiveauClasse.swift */ = {isa = PBXFileReference; lastKnownFileType = sourcecode.swift; path = NiveauClasse.swift; sourceTree = "<group>"; };
		79F3ABD8280823D900D068D9 /* NiveauSchool.swift */ = {isa = PBXFileReference; lastKnownFileType = sourcecode.swift; path = NiveauSchool.swift; sourceTree = "<group>"; };
		79F3ABDB280826A400D068D9 /* Sexe.swift */ = {isa = PBXFileReference; lastKnownFileType = sourcecode.swift; path = Sexe.swift; sourceTree = "<group>"; };
		79F3ABE528083A3100D068D9 /* Playground.playground */ = {isa = PBXFileReference; lastKnownFileType = file.playground; path = Playground.playground; sourceTree = "<group>"; xcLanguageSpecificationIdentifier = xcode.lang.swift; };
		79F3ABE6280844C000D068D9 /* ClasseManager.swift */ = {isa = PBXFileReference; lastKnownFileType = sourcecode.swift; path = ClasseManager.swift; sourceTree = "<group>"; };
		79F3ABE928086C4F00D068D9 /* SchoolManager.swift */ = {isa = PBXFileReference; lastKnownFileType = sourcecode.swift; path = SchoolManager.swift; sourceTree = "<group>"; };
		79F3ABEE2808709100D068D9 /* Colle.swift */ = {isa = PBXFileReference; lastKnownFileType = sourcecode.swift; path = Colle.swift; sourceTree = "<group>"; };
		79F3ABF128087D5600D068D9 /* Observation.swift */ = {isa = PBXFileReference; lastKnownFileType = sourcecode.swift; path = Observation.swift; sourceTree = "<group>"; };
		79F3ABF4280880CC00D068D9 /* ObservationManager.swift */ = {isa = PBXFileReference; lastKnownFileType = sourcecode.swift; path = ObservationManager.swift; sourceTree = "<group>"; };
		79F3ABF72808818D00D068D9 /* ColleManager.swift */ = {isa = PBXFileReference; lastKnownFileType = sourcecode.swift; path = ColleManager.swift; sourceTree = "<group>"; };
		79F3ABFD2808C68700D068D9 /* UIState.swift */ = {isa = PBXFileReference; lastKnownFileType = sourcecode.swift; path = UIState.swift; sourceTree = "<group>"; };
		79F3AC002808C76A00D068D9 /* MainScene.swift */ = {isa = PBXFileReference; lastKnownFileType = sourcecode.swift; path = MainScene.swift; sourceTree = "<group>"; };
		79F3AC032808CA2500D068D9 /* SchoolSidebarView.swift */ = {isa = PBXFileReference; lastKnownFileType = sourcecode.swift; path = SchoolSidebarView.swift; sourceTree = "<group>"; };
		79F3AC062808CA4C00D068D9 /* ClasseSidebarView.swift */ = {isa = PBXFileReference; lastKnownFileType = sourcecode.swift; path = ClasseSidebarView.swift; sourceTree = "<group>"; };
		79F3AC092808CA6E00D068D9 /* EleveSidebarView.swift */ = {isa = PBXFileReference; lastKnownFileType = sourcecode.swift; path = EleveSidebarView.swift; sourceTree = "<group>"; };
		79F3AC0C2808CA8700D068D9 /* ColleSidebarView.swift */ = {isa = PBXFileReference; lastKnownFileType = sourcecode.swift; path = ColleSidebarView.swift; sourceTree = "<group>"; };
		79F3AC0F2808CAA600D068D9 /* ObservSidebarView.swift */ = {isa = PBXFileReference; lastKnownFileType = sourcecode.swift; path = ObservSidebarView.swift; sourceTree = "<group>"; };
		79FFDCD52825E94F009D7452 /* importCSV.swift */ = {isa = PBXFileReference; lastKnownFileType = sourcecode.swift; path = importCSV.swift; sourceTree = "<group>"; };
/* End PBXFileReference section */

/* Begin PBXFrameworksBuildPhase section */
		79F3AB922808218300D068D9 /* Frameworks */ = {
			isa = PBXFrameworksBuildPhase;
			buildActionMask = 2147483647;
			files = (
				79E109F328219AF700689212 /* Stateful in Frameworks */,
				79F3ABE02808305400D068D9 /* AppFoundation in Frameworks */,
				79E109F128219AF700689212 /* Persistable in Frameworks */,
				795FAB312809FB0B004CB120 /* HelpersView in Frameworks */,
				79E109EF28219AF700689212 /* FileAndFolder in Frameworks */,
			);
			runOnlyForDeploymentPostprocessing = 0;
		};
		79F3AB982808218300D068D9 /* Frameworks */ = {
			isa = PBXFrameworksBuildPhase;
			buildActionMask = 2147483647;
			files = (
			);
			runOnlyForDeploymentPostprocessing = 0;
		};
		79F3AB9F2808218300D068D9 /* Frameworks */ = {
			isa = PBXFrameworksBuildPhase;
			buildActionMask = 2147483647;
			files = (
			);
			runOnlyForDeploymentPostprocessing = 0;
		};
		79F3ABAB2808218300D068D9 /* Frameworks */ = {
			isa = PBXFrameworksBuildPhase;
			buildActionMask = 2147483647;
			files = (
			);
			runOnlyForDeploymentPostprocessing = 0;
		};
/* End PBXFrameworksBuildPhase section */

/* Begin PBXGroup section */
		7918D1FC2810A5C400C24C5A /* Classe */ = {
			isa = PBXGroup;
			children = (
				79F3AC062808CA4C00D068D9 /* ClasseSidebarView.swift */,
				795BC3D12812E0B100C22271 /* ClasseBrowserView.swift */,
				795BC3D42812E0D700C22271 /* ClassBrowserRow.swift */,
				795BC3D72812E0FF00C22271 /* SchoolClasseRow.swift */,
				7918D1FD2810A60400C24C5A /* ClasseEditor.swift */,
				7918D2002810A86100C24C5A /* ClasseDetail.swift */,
				791C26EE281475CC00686F0C /* ClasseObservLabel.swift */,
				791C26F12814847B00686F0C /* ClasseColleLabel.swift */,
			);
			path = Classe;
			sourceTree = "<group>";
		};
		791C26D92814463C00686F0C /* Observations */ = {
			isa = PBXGroup;
			children = (
				79F3AC0F2808CAA600D068D9 /* ObservSidebarView.swift */,
				79502BA32818716500DA798F /* ObservBrowserView.swift */,
				79502BA62818945200DA798F /* ObservBrowserRow.swift */,
				791C26E828146B4300686F0C /* EleveObservRow.swift */,
				791C26F428148D2D00686F0C /* ObservEditor.swift */,
				791C26F728149E7E00686F0C /* ObservDetail.swift */,
				79D583F628204A3A00371EB3 /* ObservNotifIcon.swift */,
				79D583F928204A6A00371EB3 /* ObservSignIcon.swift */,
			);
			path = Observations;
			sourceTree = "<group>";
		};
		791C26DA2814465C00686F0C /* Colles */ = {
			isa = PBXGroup;
			children = (
				79F3AC0C2808CA8700D068D9 /* ColleSidebarView.swift */,
				79D583FC28204EBE00371EB3 /* ColleBrowserView.swift */,
				79D583FF2820535B00371EB3 /* ColleBrowserRow.swift */,
				791C26EB28146F8F00686F0C /* EleveColleRow.swift */,
				791C26FA2814A43400686F0C /* ColleEditor.swift */,
				791C26FD2814A64E00686F0C /* ColleDetail.swift */,
				79D58402282053C300371EB3 /* ColleNotifIcon.swift */,
			);
			path = Colles;
			sourceTree = "<group>";
		};
		795BC3DD2813102A00C22271 /* Eleve */ = {
			isa = PBXGroup;
			children = (
				79F3AC092808CA6E00D068D9 /* EleveSidebarView.swift */,
				791C26DB281447BD00686F0C /* EleveBrowserView.swift */,
				791C26DE28144BE800686F0C /* EleveBrowserRow.swift */,
				795BC3DE2813105A00C22271 /* ClasseEleveRow.swift */,
				795BC3E12813277B00C22271 /* EleveEditor.swift */,
				795BC3E4281337E600C22271 /* EleveDetail.swift */,
				791C26E128145E4700686F0C /* EleveColleLabel.swift */,
				791C26E428145F8E00686F0C /* EleveObservLabel.swift */,
				79502BA92820407500DA798F /* EleveLabel.swift */,
			);
			path = Eleve;
			sourceTree = "<group>";
		};
		795FAB272809C4D0004CB120 /* Etablissement */ = {
			isa = PBXGroup;
			children = (
				79F3AC032808CA2500D068D9 /* SchoolSidebarView.swift */,
				795FAB282809C4E2004CB120 /* SchoolBrowserView.swift */,
				795FAB2A2809C813004CB120 /* SchoolBrowserRow.swift */,
				795FAB2C2809C830004CB120 /* SchoolEditor.swift */,
				795FAB2E2809E54C004CB120 /* SchoolDetail.swift */,
			);
			path = Etablissement;
			sourceTree = "<group>";
		};
		7986E7E82829300C0011FF21 /* ApplicationHelperViews */ = {
			isa = PBXGroup;
			children = (
				7986E7E9282930340011FF21 /* ConfirmationDialogs.swift */,
			);
			path = ApplicationHelperViews;
			sourceTree = "<group>";
		};
		79BB0B4B28170CC5002AAABA /* MotifView */ = {
			isa = PBXGroup;
			children = (
				79BB0B4C28170CEC002AAABA /* MotifView.swift */,
				79BB0B4F2817138D002AAABA /* MotifEditor.swift */,
			);
			path = MotifView;
			sourceTree = "<group>";
		};
		79F102D32823199E005E5D9C /* JSON */ = {
			isa = PBXGroup;
			children = (
				7986E7E128291DA00011FF21 /* AppVersion.json */,
				79F102E028232F36005E5D9C /* School.json */,
				79F102E128232F36005E5D9C /* Classe.json */,
				79F102DD28232F36005E5D9C /* Eleve.json */,
				79F102DF28232F36005E5D9C /* Observation.json */,
				79F102DE28232F36005E5D9C /* Colle.json */,
			);
			path = JSON;
			sourceTree = "<group>";
		};
		79F3AB882808218000D068D9 = {
			isa = PBXGroup;
			children = (
				79F3ABE528083A3100D068D9 /* Playground.playground */,
				79F102D32823199E005E5D9C /* JSON */,
				79F3AB8D2808218100D068D9 /* Shared */,
				79F3AB9C2808218300D068D9 /* macOS */,
				79F3ABA52808218300D068D9 /* Tests iOS */,
				79F3ABB12808218300D068D9 /* Tests macOS */,
				79F3AB962808218300D068D9 /* Products */,
				79F3ABDE2808305400D068D9 /* Frameworks */,
			);
			sourceTree = "<group>";
		};
		79F3AB8D2808218100D068D9 /* Shared */ = {
			isa = PBXGroup;
			children = (
				79F3ABFD2808C68700D068D9 /* UIState.swift */,
				7918D1F92810997700C24C5A /* ColorOptions.swift */,
				79FFDCD52825E94F009D7452 /* importCSV.swift */,
				7986E7DE282918320011FF21 /* Persistence.swift */,
				79F102D02821B816005E5D9C /* JsonCodableArray.swift */,
				79935D362824906B005C20BD /* Share.swift */,
				79F3AB8E2808218100D068D9 /* Cahier_du_ProfesseurApp.swift */,
				79F3AC002808C76A00D068D9 /* MainScene.swift */,
				79F3ABCA280821CE00D068D9 /* Model */,
				79F3ABCB280821E700D068D9 /* Views */,
				79F3AB902808218300D068D9 /* Assets.xcassets */,
			);
			path = Shared;
			sourceTree = "<group>";
		};
		79F3AB962808218300D068D9 /* Products */ = {
			isa = PBXGroup;
			children = (
				79F3AB952808218300D068D9 /* Cahier du Professeur.app */,
				79F3AB9B2808218300D068D9 /* Cahier du Professeur.app */,
				79F3ABA22808218300D068D9 /* Tests iOS.xctest */,
				79F3ABAE2808218300D068D9 /* Tests macOS.xctest */,
			);
			name = Products;
			sourceTree = "<group>";
		};
		79F3AB9C2808218300D068D9 /* macOS */ = {
			isa = PBXGroup;
			children = (
				79F3AB9D2808218300D068D9 /* macOS.entitlements */,
			);
			path = macOS;
			sourceTree = "<group>";
		};
		79F3ABA52808218300D068D9 /* Tests iOS */ = {
			isa = PBXGroup;
			children = (
				79F3ABA62808218300D068D9 /* Tests_iOS.swift */,
				79F3ABA82808218300D068D9 /* Tests_iOSLaunchTests.swift */,
			);
			path = "Tests iOS";
			sourceTree = "<group>";
		};
		79F3ABB12808218300D068D9 /* Tests macOS */ = {
			isa = PBXGroup;
			children = (
				79F3ABB22808218300D068D9 /* Tests_macOS.swift */,
				79F3ABB42808218300D068D9 /* Tests_macOSLaunchTests.swift */,
			);
			path = "Tests macOS";
			sourceTree = "<group>";
		};
		79F3ABCA280821CE00D068D9 /* Model */ = {
			isa = PBXGroup;
			children = (
				797FA2E7280ACFD7002524F3 /* Fakes.swift */,
				79F3ABE1280830D000D068D9 /* School */,
				79F3ABE2280830E000D068D9 /* Classe */,
				79F3ABE3280830F300D068D9 /* Eleve */,
				79F3ABED2808707C00D068D9 /* Observation */,
				79F3ABEC2808707300D068D9 /* Colle */,
				79BB0B482816FAE5002AAABA /* Motif.swift */,
			);
			path = Model;
			sourceTree = "<group>";
		};
		79F3ABCB280821E700D068D9 /* Views */ = {
			isa = PBXGroup;
			children = (
				79F3AB8F2808218100D068D9 /* ContentView.swift */,
				7986E7E82829300C0011FF21 /* ApplicationHelperViews */,
				795FAB272809C4D0004CB120 /* Etablissement */,
				7918D1FC2810A5C400C24C5A /* Classe */,
				795BC3DD2813102A00C22271 /* Eleve */,
				791C26D92814463C00686F0C /* Observations */,
				791C26DA2814465C00686F0C /* Colles */,
				79BB0B4B28170CC5002AAABA /* MotifView */,
			);
			path = Views;
			sourceTree = "<group>";
		};
		79F3ABDE2808305400D068D9 /* Frameworks */ = {
			isa = PBXGroup;
			children = (
			);
			name = Frameworks;
			sourceTree = "<group>";
		};
		79F3ABE1280830D000D068D9 /* School */ = {
			isa = PBXGroup;
			children = (
				79F3ABE928086C4F00D068D9 /* SchoolManager.swift */,
				7953631B280DC44B00AB8600 /* SchoolStore.swift */,
				79F3ABCC2808222C00D068D9 /* School.swift */,
				79F3ABD8280823D900D068D9 /* NiveauSchool.swift */,
			);
			path = School;
			sourceTree = "<group>";
		};
		79F3ABE2280830E000D068D9 /* Classe */ = {
			isa = PBXGroup;
			children = (
				79F3ABE6280844C000D068D9 /* ClasseManager.swift */,
				7953631E280DC4D800AB8600 /* ClassStore.swift */,
				79F3ABCF2808225800D068D9 /* Classe.swift */,
				79F3ABD5280822BD00D068D9 /* NiveauClasse.swift */,
			);
			path = Classe;
			sourceTree = "<group>";
		};
		79F3ABE3280830F300D068D9 /* Eleve */ = {
			isa = PBXGroup;
			children = (
				791C26D62814378A00686F0C /* EleveManager.swift */,
				795BC3DA2813055200C22271 /* EleveStore.swift */,
				79F3ABD22808229A00D068D9 /* Eleve.swift */,
				79F3ABDB280826A400D068D9 /* Sexe.swift */,
			);
			path = Eleve;
			sourceTree = "<group>";
		};
		79F3ABEC2808707300D068D9 /* Colle */ = {
			isa = PBXGroup;
			children = (
				79F3ABF72808818D00D068D9 /* ColleManager.swift */,
				791C26D328142D7100686F0C /* ColleStore.swift */,
				79F3ABEE2808709100D068D9 /* Colle.swift */,
			);
			path = Colle;
			sourceTree = "<group>";
		};
		79F3ABED2808707C00D068D9 /* Observation */ = {
			isa = PBXGroup;
			children = (
				79F3ABF4280880CC00D068D9 /* ObservationManager.swift */,
				791C26D028142B6300686F0C /* ObservationStore.swift */,
				79F3ABF128087D5600D068D9 /* Observation.swift */,
			);
			path = Observation;
			sourceTree = "<group>";
		};
/* End PBXGroup section */

/* Begin PBXNativeTarget section */
		79F3AB942808218300D068D9 /* Cahier du Professeur (iOS) */ = {
			isa = PBXNativeTarget;
			buildConfigurationList = 79F3ABBE2808218300D068D9 /* Build configuration list for PBXNativeTarget "Cahier du Professeur (iOS)" */;
			buildPhases = (
				79F3AB912808218300D068D9 /* Sources */,
				79F3AB922808218300D068D9 /* Frameworks */,
				79F3AB932808218300D068D9 /* Resources */,
			);
			buildRules = (
			);
			dependencies = (
			);
			name = "Cahier du Professeur (iOS)";
			packageProductDependencies = (
				79F3ABDF2808305400D068D9 /* AppFoundation */,
				795FAB302809FB0B004CB120 /* HelpersView */,
				79E109EE28219AF700689212 /* FileAndFolder */,
				79E109F028219AF700689212 /* Persistable */,
				79E109F228219AF700689212 /* Stateful */,
			);
			productName = "Cahier du Professeur (iOS)";
			productReference = 79F3AB952808218300D068D9 /* Cahier du Professeur.app */;
			productType = "com.apple.product-type.application";
		};
		79F3AB9A2808218300D068D9 /* Cahier du Professeur (macOS) */ = {
			isa = PBXNativeTarget;
			buildConfigurationList = 79F3ABC12808218300D068D9 /* Build configuration list for PBXNativeTarget "Cahier du Professeur (macOS)" */;
			buildPhases = (
				79F3AB972808218300D068D9 /* Sources */,
				79F3AB982808218300D068D9 /* Frameworks */,
				79F3AB992808218300D068D9 /* Resources */,
			);
			buildRules = (
			);
			dependencies = (
			);
			name = "Cahier du Professeur (macOS)";
			productName = "Cahier du Professeur (macOS)";
			productReference = 79F3AB9B2808218300D068D9 /* Cahier du Professeur.app */;
			productType = "com.apple.product-type.application";
		};
		79F3ABA12808218300D068D9 /* Tests iOS */ = {
			isa = PBXNativeTarget;
			buildConfigurationList = 79F3ABC42808218300D068D9 /* Build configuration list for PBXNativeTarget "Tests iOS" */;
			buildPhases = (
				79F3AB9E2808218300D068D9 /* Sources */,
				79F3AB9F2808218300D068D9 /* Frameworks */,
				79F3ABA02808218300D068D9 /* Resources */,
			);
			buildRules = (
			);
			dependencies = (
				79F3ABA42808218300D068D9 /* PBXTargetDependency */,
			);
			name = "Tests iOS";
			productName = "Tests iOS";
			productReference = 79F3ABA22808218300D068D9 /* Tests iOS.xctest */;
			productType = "com.apple.product-type.bundle.ui-testing";
		};
		79F3ABAD2808218300D068D9 /* Tests macOS */ = {
			isa = PBXNativeTarget;
			buildConfigurationList = 79F3ABC72808218300D068D9 /* Build configuration list for PBXNativeTarget "Tests macOS" */;
			buildPhases = (
				79F3ABAA2808218300D068D9 /* Sources */,
				79F3ABAB2808218300D068D9 /* Frameworks */,
				79F3ABAC2808218300D068D9 /* Resources */,
			);
			buildRules = (
			);
			dependencies = (
				79F3ABB02808218300D068D9 /* PBXTargetDependency */,
			);
			name = "Tests macOS";
			productName = "Tests macOS";
			productReference = 79F3ABAE2808218300D068D9 /* Tests macOS.xctest */;
			productType = "com.apple.product-type.bundle.ui-testing";
		};
/* End PBXNativeTarget section */

/* Begin PBXProject section */
		79F3AB892808218000D068D9 /* Project object */ = {
			isa = PBXProject;
			attributes = {
				BuildIndependentTargetsInParallel = 1;
				LastSwiftUpdateCheck = 1330;
				LastUpgradeCheck = 1330;
				TargetAttributes = {
					79F3AB942808218300D068D9 = {
						CreatedOnToolsVersion = 13.3.1;
					};
					79F3AB9A2808218300D068D9 = {
						CreatedOnToolsVersion = 13.3.1;
					};
					79F3ABA12808218300D068D9 = {
						CreatedOnToolsVersion = 13.3.1;
						TestTargetID = 79F3AB942808218300D068D9;
					};
					79F3ABAD2808218300D068D9 = {
						CreatedOnToolsVersion = 13.3.1;
						TestTargetID = 79F3AB9A2808218300D068D9;
					};
				};
			};
			buildConfigurationList = 79F3AB8C2808218000D068D9 /* Build configuration list for PBXProject "Cahier du Professeur" */;
			compatibilityVersion = "Xcode 13.0";
			developmentRegion = en;
			hasScannedForEncodings = 0;
			knownRegions = (
				en,
				Base,
				fr,
			);
			mainGroup = 79F3AB882808218000D068D9;
			productRefGroup = 79F3AB962808218300D068D9 /* Products */;
			projectDirPath = "";
			projectRoot = "";
			targets = (
				79F3AB942808218300D068D9 /* Cahier du Professeur (iOS) */,
				79F3AB9A2808218300D068D9 /* Cahier du Professeur (macOS) */,
				79F3ABA12808218300D068D9 /* Tests iOS */,
				79F3ABAD2808218300D068D9 /* Tests macOS */,
			);
		};
/* End PBXProject section */

/* Begin PBXResourcesBuildPhase section */
		79F3AB932808218300D068D9 /* Resources */ = {
			isa = PBXResourcesBuildPhase;
			buildActionMask = 2147483647;
			files = (
				79F102EA28232F36005E5D9C /* Classe.json in Resources */,
				7986E7E228291DA00011FF21 /* AppVersion.json in Resources */,
				79F102E828232F36005E5D9C /* School.json in Resources */,
				79F102E628232F36005E5D9C /* Observation.json in Resources */,
				79F3ABBA2808218300D068D9 /* Assets.xcassets in Resources */,
				79F102E228232F36005E5D9C /* Eleve.json in Resources */,
				79F102E428232F36005E5D9C /* Colle.json in Resources */,
			);
			runOnlyForDeploymentPostprocessing = 0;
		};
		79F3AB992808218300D068D9 /* Resources */ = {
			isa = PBXResourcesBuildPhase;
			buildActionMask = 2147483647;
			files = (
				79F102EB28232F36005E5D9C /* Classe.json in Resources */,
				7986E7E328291DA00011FF21 /* AppVersion.json in Resources */,
				79F102E928232F36005E5D9C /* School.json in Resources */,
				79F102E728232F36005E5D9C /* Observation.json in Resources */,
				79F3ABBB2808218300D068D9 /* Assets.xcassets in Resources */,
				79F102E328232F36005E5D9C /* Eleve.json in Resources */,
				79F102E528232F36005E5D9C /* Colle.json in Resources */,
			);
			runOnlyForDeploymentPostprocessing = 0;
		};
		79F3ABA02808218300D068D9 /* Resources */ = {
			isa = PBXResourcesBuildPhase;
			buildActionMask = 2147483647;
			files = (
			);
			runOnlyForDeploymentPostprocessing = 0;
		};
		79F3ABAC2808218300D068D9 /* Resources */ = {
			isa = PBXResourcesBuildPhase;
			buildActionMask = 2147483647;
			files = (
			);
			runOnlyForDeploymentPostprocessing = 0;
		};
/* End PBXResourcesBuildPhase section */

/* Begin PBXSourcesBuildPhase section */
		79F3AB912808218300D068D9 /* Sources */ = {
			isa = PBXSourcesBuildPhase;
			buildActionMask = 2147483647;
			files = (
				795FAB2B2809C813004CB120 /* SchoolBrowserRow.swift in Sources */,
				79F3ABCD2808222C00D068D9 /* School.swift in Sources */,
				79F3AC0D2808CA8700D068D9 /* ColleSidebarView.swift in Sources */,
				795BC3DF2813105A00C22271 /* ClasseEleveRow.swift in Sources */,
				791C26E528145F8E00686F0C /* EleveObservLabel.swift in Sources */,
				7918D1FA2810997700C24C5A /* ColorOptions.swift in Sources */,
				79F102D12821B816005E5D9C /* JsonCodableArray.swift in Sources */,
				79935D372824906B005C20BD /* Share.swift in Sources */,
				791C26FB2814A43400686F0C /* ColleEditor.swift in Sources */,
				79D584002820535B00371EB3 /* ColleBrowserRow.swift in Sources */,
				791C26DF28144BE800686F0C /* EleveBrowserRow.swift in Sources */,
				79502BA72818945200DA798F /* ObservBrowserRow.swift in Sources */,
				79F3ABD6280822BD00D068D9 /* NiveauClasse.swift in Sources */,
				79F3AC0A2808CA6E00D068D9 /* EleveSidebarView.swift in Sources */,
				79502BAA2820407500DA798F /* EleveLabel.swift in Sources */,
				795FAB2D2809C830004CB120 /* SchoolEditor.swift in Sources */,
				79BB0B492816FAE5002AAABA /* Motif.swift in Sources */,
				79D583F728204A3A00371EB3 /* ObservNotifIcon.swift in Sources */,
				79F3ABEA28086C4F00D068D9 /* SchoolManager.swift in Sources */,
				791C26DC281447BD00686F0C /* EleveBrowserView.swift in Sources */,
				79F3ABF82808818D00D068D9 /* ColleManager.swift in Sources */,
				791C26D128142B6300686F0C /* ObservationStore.swift in Sources */,
				791C26EF281475CC00686F0C /* ClasseObservLabel.swift in Sources */,
				795BC3D82812E0FF00C22271 /* SchoolClasseRow.swift in Sources */,
				795BC3D52812E0D700C22271 /* ClassBrowserRow.swift in Sources */,
				79F3AC072808CA4C00D068D9 /* ClasseSidebarView.swift in Sources */,
				791C26E228145E4700686F0C /* EleveColleLabel.swift in Sources */,
				7953631F280DC4D800AB8600 /* ClassStore.swift in Sources */,
				795BC3E5281337E600C22271 /* EleveDetail.swift in Sources */,
				79F3AC102808CAA600D068D9 /* ObservSidebarView.swift in Sources */,
				795BC3D22812E0B100C22271 /* ClasseBrowserView.swift in Sources */,
				79F3ABDC280826A400D068D9 /* Sexe.swift in Sources */,
				791C26E928146B4300686F0C /* EleveObservRow.swift in Sources */,
				795FAB292809C4E2004CB120 /* SchoolBrowserView.swift in Sources */,
				795BC3DB2813055200C22271 /* EleveStore.swift in Sources */,
				79BB0B4D28170CEC002AAABA /* MotifView.swift in Sources */,
				791C26D72814378A00686F0C /* EleveManager.swift in Sources */,
				791C26F828149E7E00686F0C /* ObservDetail.swift in Sources */,
				7918D1FE2810A60400C24C5A /* ClasseEditor.swift in Sources */,
				791C26F22814847B00686F0C /* ClasseColleLabel.swift in Sources */,
				7918D2012810A86100C24C5A /* ClasseDetail.swift in Sources */,
				79D58403282053C300371EB3 /* ColleNotifIcon.swift in Sources */,
				79F3AC042808CA2500D068D9 /* SchoolSidebarView.swift in Sources */,
				79F3AC012808C76B00D068D9 /* MainScene.swift in Sources */,
				791C26F528148D2D00686F0C /* ObservEditor.swift in Sources */,
				79F3ABF228087D5600D068D9 /* Observation.swift in Sources */,
				79D583FA28204A6A00371EB3 /* ObservSignIcon.swift in Sources */,
				791C26EC28146F8F00686F0C /* EleveColleRow.swift in Sources */,
				79F3ABFE2808C68700D068D9 /* UIState.swift in Sources */,
				79F3ABE7280844C000D068D9 /* ClasseManager.swift in Sources */,
				79F3ABB82808218300D068D9 /* ContentView.swift in Sources */,
				79F3ABD02808225800D068D9 /* Classe.swift in Sources */,
				7953631C280DC44C00AB8600 /* SchoolStore.swift in Sources */,
				7986E7DF282918320011FF21 /* Persistence.swift in Sources */,
				79D583FD28204EBE00371EB3 /* ColleBrowserView.swift in Sources */,
				79F3ABF5280880CC00D068D9 /* ObservationManager.swift in Sources */,
				795BC3E22813277B00C22271 /* EleveEditor.swift in Sources */,
				79F3ABD32808229A00D068D9 /* Eleve.swift in Sources */,
				7986E7EA282930340011FF21 /* ConfirmationDialogs.swift in Sources */,
				791C26FE2814A64E00686F0C /* ColleDetail.swift in Sources */,
				79F3ABB62808218300D068D9 /* Cahier_du_ProfesseurApp.swift in Sources */,
				79BB0B502817138D002AAABA /* MotifEditor.swift in Sources */,
				797FA2E8280ACFD7002524F3 /* Fakes.swift in Sources */,
				79502BA42818716500DA798F /* ObservBrowserView.swift in Sources */,
				79F3ABEF2808709100D068D9 /* Colle.swift in Sources */,
				79F3ABD9280823D900D068D9 /* NiveauSchool.swift in Sources */,
				79FFDCD62825E950009D7452 /* importCSV.swift in Sources */,
				795FAB2F2809E54C004CB120 /* SchoolDetail.swift in Sources */,
				791C26D428142D7100686F0C /* ColleStore.swift in Sources */,
			);
			runOnlyForDeploymentPostprocessing = 0;
		};
		79F3AB972808218300D068D9 /* Sources */ = {
			isa = PBXSourcesBuildPhase;
			buildActionMask = 2147483647;
			files = (
				79F3ABCE2808222C00D068D9 /* School.swift in Sources */,
				79F3AC0E2808CA8700D068D9 /* ColleSidebarView.swift in Sources */,
				795BC3E02813105A00C22271 /* ClasseEleveRow.swift in Sources */,
				791C26F32814847B00686F0C /* ClasseColleLabel.swift in Sources */,
				79BB0B4E28170CEC002AAABA /* MotifView.swift in Sources */,
				79F3ABD7280822BD00D068D9 /* NiveauClasse.swift in Sources */,
				795BC3E32813277B00C22271 /* EleveEditor.swift in Sources */,
				79F3AC0B2808CA6E00D068D9 /* EleveSidebarView.swift in Sources */,
				79F3ABEB28086C4F00D068D9 /* SchoolManager.swift in Sources */,
				79502BA82818945200DA798F /* ObservBrowserRow.swift in Sources */,
				79F3ABF92808818D00D068D9 /* ColleManager.swift in Sources */,
				79BB0B4A2816FAE5002AAABA /* Motif.swift in Sources */,
				79F3AC082808CA4C00D068D9 /* ClasseSidebarView.swift in Sources */,
				79D583FE28204EBE00371EB3 /* ColleBrowserView.swift in Sources */,
				795BC3DC2813055200C22271 /* EleveStore.swift in Sources */,
				795BC3E6281337E600C22271 /* EleveDetail.swift in Sources */,
				79935D382824906B005C20BD /* Share.swift in Sources */,
				795BC3D62812E0D700C22271 /* ClassBrowserRow.swift in Sources */,
				797FA2E9280ACFD7002524F3 /* Fakes.swift in Sources */,
				791C26D82814378A00686F0C /* EleveManager.swift in Sources */,
				79F3AC112808CAA600D068D9 /* ObservSidebarView.swift in Sources */,
				79F3ABDD280826A400D068D9 /* Sexe.swift in Sources */,
				795BC3D32812E0B100C22271 /* ClasseBrowserView.swift in Sources */,
				79BB0B512817138D002AAABA /* MotifEditor.swift in Sources */,
				791C26F628148D2D00686F0C /* ObservEditor.swift in Sources */,
				79F3AC022808C76B00D068D9 /* MainScene.swift in Sources */,
				79F3ABF328087D5600D068D9 /* Observation.swift in Sources */,
				79FFDCD72825E950009D7452 /* importCSV.swift in Sources */,
				791C26E628145F8E00686F0C /* EleveObservLabel.swift in Sources */,
				79D583FB28204A6A00371EB3 /* ObservSignIcon.swift in Sources */,
				7918D2022810A86100C24C5A /* ClasseDetail.swift in Sources */,
				79F3ABFF2808C68700D068D9 /* UIState.swift in Sources */,
				7986E7EB282930340011FF21 /* ConfirmationDialogs.swift in Sources */,
				791C26E328145E4700686F0C /* EleveColleLabel.swift in Sources */,
				7953631D280DC44C00AB8600 /* SchoolStore.swift in Sources */,
				791C26DD281447BD00686F0C /* EleveBrowserView.swift in Sources */,
				79F3ABE8280844C000D068D9 /* ClasseManager.swift in Sources */,
				791C26EA28146B4300686F0C /* EleveObservRow.swift in Sources */,
				7918D1FB2810997700C24C5A /* ColorOptions.swift in Sources */,
				791C26ED28146F8F00686F0C /* EleveColleRow.swift in Sources */,
				79F3ABB92808218300D068D9 /* ContentView.swift in Sources */,
				791C26D528142D7100686F0C /* ColleStore.swift in Sources */,
				79D584012820535B00371EB3 /* ColleBrowserRow.swift in Sources */,
				791C26F0281475CC00686F0C /* ClasseObservLabel.swift in Sources */,
				79F3ABD12808225800D068D9 /* Classe.swift in Sources */,
				79F3ABF6280880CC00D068D9 /* ObservationManager.swift in Sources */,
				7986E7E0282918320011FF21 /* Persistence.swift in Sources */,
				79F3ABD42808229A00D068D9 /* Eleve.swift in Sources */,
				791C26FC2814A43400686F0C /* ColleEditor.swift in Sources */,
				79F3ABB72808218300D068D9 /* Cahier_du_ProfesseurApp.swift in Sources */,
				795BC3D92812E0FF00C22271 /* SchoolClasseRow.swift in Sources */,
				791C26F928149E7E00686F0C /* ObservDetail.swift in Sources */,
				79F3ABF02808709100D068D9 /* Colle.swift in Sources */,
				791C26E028144BE800686F0C /* EleveBrowserRow.swift in Sources */,
				79502BA52818716500DA798F /* ObservBrowserView.swift in Sources */,
				791C26D228142B6300686F0C /* ObservationStore.swift in Sources */,
				79D583F828204A3A00371EB3 /* ObservNotifIcon.swift in Sources */,
				7918D1FF2810A60400C24C5A /* ClasseEditor.swift in Sources */,
				79536320280DC4D800AB8600 /* ClassStore.swift in Sources */,
				791C26FF2814A64E00686F0C /* ColleDetail.swift in Sources */,
				79F102D22821B816005E5D9C /* JsonCodableArray.swift in Sources */,
				79502BAB2820407500DA798F /* EleveLabel.swift in Sources */,
				79D58404282053C300371EB3 /* ColleNotifIcon.swift in Sources */,
				79F3ABDA280823D900D068D9 /* NiveauSchool.swift in Sources */,
			);
			runOnlyForDeploymentPostprocessing = 0;
		};
		79F3AB9E2808218300D068D9 /* Sources */ = {
			isa = PBXSourcesBuildPhase;
			buildActionMask = 2147483647;
			files = (
				79F3ABA92808218300D068D9 /* Tests_iOSLaunchTests.swift in Sources */,
				79F3ABA72808218300D068D9 /* Tests_iOS.swift in Sources */,
			);
			runOnlyForDeploymentPostprocessing = 0;
		};
		79F3ABAA2808218300D068D9 /* Sources */ = {
			isa = PBXSourcesBuildPhase;
			buildActionMask = 2147483647;
			files = (
				79F3ABB52808218300D068D9 /* Tests_macOSLaunchTests.swift in Sources */,
				79F3ABB32808218300D068D9 /* Tests_macOS.swift in Sources */,
			);
			runOnlyForDeploymentPostprocessing = 0;
		};
/* End PBXSourcesBuildPhase section */

/* Begin PBXTargetDependency section */
		79F3ABA42808218300D068D9 /* PBXTargetDependency */ = {
			isa = PBXTargetDependency;
			target = 79F3AB942808218300D068D9 /* Cahier du Professeur (iOS) */;
			targetProxy = 79F3ABA32808218300D068D9 /* PBXContainerItemProxy */;
		};
		79F3ABB02808218300D068D9 /* PBXTargetDependency */ = {
			isa = PBXTargetDependency;
			target = 79F3AB9A2808218300D068D9 /* Cahier du Professeur (macOS) */;
			targetProxy = 79F3ABAF2808218300D068D9 /* PBXContainerItemProxy */;
		};
/* End PBXTargetDependency section */

/* Begin XCBuildConfiguration section */
		79F3ABBC2808218300D068D9 /* Debug */ = {
			isa = XCBuildConfiguration;
			buildSettings = {
				ALWAYS_SEARCH_USER_PATHS = NO;
				CLANG_ANALYZER_LOCALIZABILITY_NONLOCALIZED = YES;
				CLANG_ANALYZER_NONNULL = YES;
				CLANG_ANALYZER_NUMBER_OBJECT_CONVERSION = YES_AGGRESSIVE;
				CLANG_CXX_LANGUAGE_STANDARD = "gnu++17";
				CLANG_ENABLE_MODULES = YES;
				CLANG_ENABLE_OBJC_ARC = YES;
				CLANG_ENABLE_OBJC_WEAK = YES;
				CLANG_WARN_BLOCK_CAPTURE_AUTORELEASING = YES;
				CLANG_WARN_BOOL_CONVERSION = YES;
				CLANG_WARN_COMMA = YES;
				CLANG_WARN_CONSTANT_CONVERSION = YES;
				CLANG_WARN_DEPRECATED_OBJC_IMPLEMENTATIONS = YES;
				CLANG_WARN_DIRECT_OBJC_ISA_USAGE = YES_ERROR;
				CLANG_WARN_DOCUMENTATION_COMMENTS = YES;
				CLANG_WARN_EMPTY_BODY = YES;
				CLANG_WARN_ENUM_CONVERSION = YES;
				CLANG_WARN_INFINITE_RECURSION = YES;
				CLANG_WARN_INT_CONVERSION = YES;
				CLANG_WARN_NON_LITERAL_NULL_CONVERSION = YES;
				CLANG_WARN_OBJC_IMPLICIT_RETAIN_SELF = YES;
				CLANG_WARN_OBJC_LITERAL_CONVERSION = YES;
				CLANG_WARN_OBJC_ROOT_CLASS = YES_ERROR;
				CLANG_WARN_QUOTED_INCLUDE_IN_FRAMEWORK_HEADER = YES;
				CLANG_WARN_RANGE_LOOP_ANALYSIS = YES;
				CLANG_WARN_STRICT_PROTOTYPES = YES;
				CLANG_WARN_SUSPICIOUS_MOVE = YES;
				CLANG_WARN_UNGUARDED_AVAILABILITY = YES_AGGRESSIVE;
				CLANG_WARN_UNREACHABLE_CODE = YES;
				CLANG_WARN__DUPLICATE_METHOD_MATCH = YES;
				COPY_PHASE_STRIP = NO;
				DEBUG_INFORMATION_FORMAT = dwarf;
				ENABLE_STRICT_OBJC_MSGSEND = YES;
				ENABLE_TESTABILITY = YES;
				GCC_C_LANGUAGE_STANDARD = gnu11;
				GCC_DYNAMIC_NO_PIC = NO;
				GCC_NO_COMMON_BLOCKS = YES;
				GCC_OPTIMIZATION_LEVEL = 0;
				GCC_PREPROCESSOR_DEFINITIONS = (
					"DEBUG=1",
					"$(inherited)",
				);
				GCC_WARN_64_TO_32_BIT_CONVERSION = YES;
				GCC_WARN_ABOUT_RETURN_TYPE = YES_ERROR;
				GCC_WARN_UNDECLARED_SELECTOR = YES;
				GCC_WARN_UNINITIALIZED_AUTOS = YES_AGGRESSIVE;
				GCC_WARN_UNUSED_FUNCTION = YES;
				GCC_WARN_UNUSED_VARIABLE = YES;
				MTL_ENABLE_DEBUG_INFO = INCLUDE_SOURCE;
				MTL_FAST_MATH = YES;
				ONLY_ACTIVE_ARCH = YES;
				SWIFT_ACTIVE_COMPILATION_CONDITIONS = DEBUG;
				SWIFT_OPTIMIZATION_LEVEL = "-Onone";
			};
			name = Debug;
		};
		79F3ABBD2808218300D068D9 /* Release */ = {
			isa = XCBuildConfiguration;
			buildSettings = {
				ALWAYS_SEARCH_USER_PATHS = NO;
				CLANG_ANALYZER_LOCALIZABILITY_NONLOCALIZED = YES;
				CLANG_ANALYZER_NONNULL = YES;
				CLANG_ANALYZER_NUMBER_OBJECT_CONVERSION = YES_AGGRESSIVE;
				CLANG_CXX_LANGUAGE_STANDARD = "gnu++17";
				CLANG_ENABLE_MODULES = YES;
				CLANG_ENABLE_OBJC_ARC = YES;
				CLANG_ENABLE_OBJC_WEAK = YES;
				CLANG_WARN_BLOCK_CAPTURE_AUTORELEASING = YES;
				CLANG_WARN_BOOL_CONVERSION = YES;
				CLANG_WARN_COMMA = YES;
				CLANG_WARN_CONSTANT_CONVERSION = YES;
				CLANG_WARN_DEPRECATED_OBJC_IMPLEMENTATIONS = YES;
				CLANG_WARN_DIRECT_OBJC_ISA_USAGE = YES_ERROR;
				CLANG_WARN_DOCUMENTATION_COMMENTS = YES;
				CLANG_WARN_EMPTY_BODY = YES;
				CLANG_WARN_ENUM_CONVERSION = YES;
				CLANG_WARN_INFINITE_RECURSION = YES;
				CLANG_WARN_INT_CONVERSION = YES;
				CLANG_WARN_NON_LITERAL_NULL_CONVERSION = YES;
				CLANG_WARN_OBJC_IMPLICIT_RETAIN_SELF = YES;
				CLANG_WARN_OBJC_LITERAL_CONVERSION = YES;
				CLANG_WARN_OBJC_ROOT_CLASS = YES_ERROR;
				CLANG_WARN_QUOTED_INCLUDE_IN_FRAMEWORK_HEADER = YES;
				CLANG_WARN_RANGE_LOOP_ANALYSIS = YES;
				CLANG_WARN_STRICT_PROTOTYPES = YES;
				CLANG_WARN_SUSPICIOUS_MOVE = YES;
				CLANG_WARN_UNGUARDED_AVAILABILITY = YES_AGGRESSIVE;
				CLANG_WARN_UNREACHABLE_CODE = YES;
				CLANG_WARN__DUPLICATE_METHOD_MATCH = YES;
				COPY_PHASE_STRIP = NO;
				DEBUG_INFORMATION_FORMAT = "dwarf-with-dsym";
				ENABLE_NS_ASSERTIONS = NO;
				ENABLE_STRICT_OBJC_MSGSEND = YES;
				GCC_C_LANGUAGE_STANDARD = gnu11;
				GCC_NO_COMMON_BLOCKS = YES;
				GCC_WARN_64_TO_32_BIT_CONVERSION = YES;
				GCC_WARN_ABOUT_RETURN_TYPE = YES_ERROR;
				GCC_WARN_UNDECLARED_SELECTOR = YES;
				GCC_WARN_UNINITIALIZED_AUTOS = YES_AGGRESSIVE;
				GCC_WARN_UNUSED_FUNCTION = YES;
				GCC_WARN_UNUSED_VARIABLE = YES;
				MTL_ENABLE_DEBUG_INFO = NO;
				MTL_FAST_MATH = YES;
				SWIFT_COMPILATION_MODE = wholemodule;
				SWIFT_OPTIMIZATION_LEVEL = "-O";
			};
			name = Release;
		};
		79F3ABBF2808218300D068D9 /* Debug */ = {
			isa = XCBuildConfiguration;
			buildSettings = {
				ASSETCATALOG_COMPILER_APPICON_NAME = AppIcon;
				ASSETCATALOG_COMPILER_GLOBAL_ACCENT_COLOR_NAME = AccentColor;
				CODE_SIGN_STYLE = Automatic;
				CURRENT_PROJECT_VERSION = 1;
				DEVELOPMENT_TEAM = 8N9S268396;
				ENABLE_PREVIEWS = YES;
				GENERATE_INFOPLIST_FILE = YES;
				INFOPLIST_KEY_CFBundleDisplayName = "";
				INFOPLIST_KEY_UIApplicationSceneManifest_Generation = YES;
				INFOPLIST_KEY_UIApplicationSupportsIndirectInputEvents = YES;
				INFOPLIST_KEY_UILaunchScreen_Generation = YES;
				INFOPLIST_KEY_UISupportedInterfaceOrientations_iPad = "UIInterfaceOrientationPortrait UIInterfaceOrientationPortraitUpsideDown UIInterfaceOrientationLandscapeLeft UIInterfaceOrientationLandscapeRight";
				INFOPLIST_KEY_UISupportedInterfaceOrientations_iPhone = "UIInterfaceOrientationPortrait UIInterfaceOrientationLandscapeLeft UIInterfaceOrientationLandscapeRight";
				IPHONEOS_DEPLOYMENT_TARGET = 15.4;
				LD_RUNPATH_SEARCH_PATHS = (
					"$(inherited)",
					"@executable_path/Frameworks",
				);
				MARKETING_VERSION = 1.0;
				PRODUCT_BUNDLE_IDENTIFIER = "com.michaud.lionel.Cahier-du-Professeur";
				PRODUCT_NAME = "Cahier du Professeur";
				SDKROOT = iphoneos;
				SWIFT_EMIT_LOC_STRINGS = YES;
				SWIFT_VERSION = 5.0;
				TARGETED_DEVICE_FAMILY = "1,2";
			};
			name = Debug;
		};
		79F3ABC02808218300D068D9 /* Release */ = {
			isa = XCBuildConfiguration;
			buildSettings = {
				ASSETCATALOG_COMPILER_APPICON_NAME = AppIcon;
				ASSETCATALOG_COMPILER_GLOBAL_ACCENT_COLOR_NAME = AccentColor;
				CODE_SIGN_STYLE = Automatic;
				CURRENT_PROJECT_VERSION = 1;
				DEVELOPMENT_TEAM = 8N9S268396;
				ENABLE_PREVIEWS = YES;
				GENERATE_INFOPLIST_FILE = YES;
				INFOPLIST_KEY_CFBundleDisplayName = "";
				INFOPLIST_KEY_UIApplicationSceneManifest_Generation = YES;
				INFOPLIST_KEY_UIApplicationSupportsIndirectInputEvents = YES;
				INFOPLIST_KEY_UILaunchScreen_Generation = YES;
				INFOPLIST_KEY_UISupportedInterfaceOrientations_iPad = "UIInterfaceOrientationPortrait UIInterfaceOrientationPortraitUpsideDown UIInterfaceOrientationLandscapeLeft UIInterfaceOrientationLandscapeRight";
				INFOPLIST_KEY_UISupportedInterfaceOrientations_iPhone = "UIInterfaceOrientationPortrait UIInterfaceOrientationLandscapeLeft UIInterfaceOrientationLandscapeRight";
				IPHONEOS_DEPLOYMENT_TARGET = 15.4;
				LD_RUNPATH_SEARCH_PATHS = (
					"$(inherited)",
					"@executable_path/Frameworks",
				);
				MARKETING_VERSION = 1.0;
				PRODUCT_BUNDLE_IDENTIFIER = "com.michaud.lionel.Cahier-du-Professeur";
				PRODUCT_NAME = "Cahier du Professeur";
				SDKROOT = iphoneos;
				SWIFT_EMIT_LOC_STRINGS = YES;
				SWIFT_VERSION = 5.0;
				TARGETED_DEVICE_FAMILY = "1,2";
				VALIDATE_PRODUCT = YES;
			};
			name = Release;
		};
		79F3ABC22808218300D068D9 /* Debug */ = {
			isa = XCBuildConfiguration;
			buildSettings = {
				ASSETCATALOG_COMPILER_APPICON_NAME = AppIcon;
				ASSETCATALOG_COMPILER_GLOBAL_ACCENT_COLOR_NAME = AccentColor;
				CODE_SIGN_ENTITLEMENTS = macOS/macOS.entitlements;
				CODE_SIGN_IDENTITY = "-";
				CODE_SIGN_STYLE = Automatic;
				COMBINE_HIDPI_IMAGES = YES;
				CURRENT_PROJECT_VERSION = 1;
				DEVELOPMENT_TEAM = 8N9S268396;
				ENABLE_HARDENED_RUNTIME = YES;
				ENABLE_PREVIEWS = YES;
				GENERATE_INFOPLIST_FILE = YES;
				INFOPLIST_KEY_NSHumanReadableCopyright = "";
				LD_RUNPATH_SEARCH_PATHS = (
					"$(inherited)",
					"@executable_path/../Frameworks",
				);
				MACOSX_DEPLOYMENT_TARGET = 12.3;
				MARKETING_VERSION = 1.0;
				PRODUCT_BUNDLE_IDENTIFIER = "com.michaud.lionel.Cahier-du-Professeur";
				PRODUCT_NAME = "Cahier du Professeur";
				SDKROOT = macosx;
				SWIFT_EMIT_LOC_STRINGS = YES;
				SWIFT_VERSION = 5.0;
			};
			name = Debug;
		};
		79F3ABC32808218300D068D9 /* Release */ = {
			isa = XCBuildConfiguration;
			buildSettings = {
				ASSETCATALOG_COMPILER_APPICON_NAME = AppIcon;
				ASSETCATALOG_COMPILER_GLOBAL_ACCENT_COLOR_NAME = AccentColor;
				CODE_SIGN_ENTITLEMENTS = macOS/macOS.entitlements;
				CODE_SIGN_IDENTITY = "-";
				CODE_SIGN_STYLE = Automatic;
				COMBINE_HIDPI_IMAGES = YES;
				CURRENT_PROJECT_VERSION = 1;
				DEVELOPMENT_TEAM = 8N9S268396;
				ENABLE_HARDENED_RUNTIME = YES;
				ENABLE_PREVIEWS = YES;
				GENERATE_INFOPLIST_FILE = YES;
				INFOPLIST_KEY_NSHumanReadableCopyright = "";
				LD_RUNPATH_SEARCH_PATHS = (
					"$(inherited)",
					"@executable_path/../Frameworks",
				);
				MACOSX_DEPLOYMENT_TARGET = 12.3;
				MARKETING_VERSION = 1.0;
				PRODUCT_BUNDLE_IDENTIFIER = "com.michaud.lionel.Cahier-du-Professeur";
				PRODUCT_NAME = "Cahier du Professeur";
				SDKROOT = macosx;
				SWIFT_EMIT_LOC_STRINGS = YES;
				SWIFT_VERSION = 5.0;
			};
			name = Release;
		};
		79F3ABC52808218300D068D9 /* Debug */ = {
			isa = XCBuildConfiguration;
			buildSettings = {
				ALWAYS_EMBED_SWIFT_STANDARD_LIBRARIES = YES;
				CODE_SIGN_STYLE = Automatic;
				CURRENT_PROJECT_VERSION = 1;
				DEVELOPMENT_TEAM = 8N9S268396;
				GENERATE_INFOPLIST_FILE = YES;
				IPHONEOS_DEPLOYMENT_TARGET = 15.4;
				MARKETING_VERSION = 1.0;
				PRODUCT_BUNDLE_IDENTIFIER = "com.michaud.lionel.Tests-iOS";
				PRODUCT_NAME = "$(TARGET_NAME)";
				SDKROOT = iphoneos;
				SWIFT_EMIT_LOC_STRINGS = NO;
				SWIFT_VERSION = 5.0;
				TARGETED_DEVICE_FAMILY = "1,2";
				TEST_TARGET_NAME = "Cahier du Professeur (iOS)";
			};
			name = Debug;
		};
		79F3ABC62808218300D068D9 /* Release */ = {
			isa = XCBuildConfiguration;
			buildSettings = {
				ALWAYS_EMBED_SWIFT_STANDARD_LIBRARIES = YES;
				CODE_SIGN_STYLE = Automatic;
				CURRENT_PROJECT_VERSION = 1;
				DEVELOPMENT_TEAM = 8N9S268396;
				GENERATE_INFOPLIST_FILE = YES;
				IPHONEOS_DEPLOYMENT_TARGET = 15.4;
				MARKETING_VERSION = 1.0;
				PRODUCT_BUNDLE_IDENTIFIER = "com.michaud.lionel.Tests-iOS";
				PRODUCT_NAME = "$(TARGET_NAME)";
				SDKROOT = iphoneos;
				SWIFT_EMIT_LOC_STRINGS = NO;
				SWIFT_VERSION = 5.0;
				TARGETED_DEVICE_FAMILY = "1,2";
				TEST_TARGET_NAME = "Cahier du Professeur (iOS)";
				VALIDATE_PRODUCT = YES;
			};
			name = Release;
		};
		79F3ABC82808218300D068D9 /* Debug */ = {
			isa = XCBuildConfiguration;
			buildSettings = {
				ALWAYS_EMBED_SWIFT_STANDARD_LIBRARIES = YES;
				CODE_SIGN_STYLE = Automatic;
				CURRENT_PROJECT_VERSION = 1;
				DEVELOPMENT_TEAM = 8N9S268396;
				GENERATE_INFOPLIST_FILE = YES;
				MACOSX_DEPLOYMENT_TARGET = 12.3;
				MARKETING_VERSION = 1.0;
				PRODUCT_BUNDLE_IDENTIFIER = "com.michaud.lionel.Tests-macOS";
				PRODUCT_NAME = "$(TARGET_NAME)";
				SDKROOT = macosx;
				SWIFT_EMIT_LOC_STRINGS = NO;
				SWIFT_VERSION = 5.0;
				TEST_TARGET_NAME = "Cahier du Professeur (macOS)";
			};
			name = Debug;
		};
		79F3ABC92808218300D068D9 /* Release */ = {
			isa = XCBuildConfiguration;
			buildSettings = {
				ALWAYS_EMBED_SWIFT_STANDARD_LIBRARIES = YES;
				CODE_SIGN_STYLE = Automatic;
				CURRENT_PROJECT_VERSION = 1;
				DEVELOPMENT_TEAM = 8N9S268396;
				GENERATE_INFOPLIST_FILE = YES;
				MACOSX_DEPLOYMENT_TARGET = 12.3;
				MARKETING_VERSION = 1.0;
				PRODUCT_BUNDLE_IDENTIFIER = "com.michaud.lionel.Tests-macOS";
				PRODUCT_NAME = "$(TARGET_NAME)";
				SDKROOT = macosx;
				SWIFT_EMIT_LOC_STRINGS = NO;
				SWIFT_VERSION = 5.0;
				TEST_TARGET_NAME = "Cahier du Professeur (macOS)";
			};
			name = Release;
		};
/* End XCBuildConfiguration section */

/* Begin XCConfigurationList section */
		79F3AB8C2808218000D068D9 /* Build configuration list for PBXProject "Cahier du Professeur" */ = {
			isa = XCConfigurationList;
			buildConfigurations = (
				79F3ABBC2808218300D068D9 /* Debug */,
				79F3ABBD2808218300D068D9 /* Release */,
			);
			defaultConfigurationIsVisible = 0;
			defaultConfigurationName = Release;
		};
		79F3ABBE2808218300D068D9 /* Build configuration list for PBXNativeTarget "Cahier du Professeur (iOS)" */ = {
			isa = XCConfigurationList;
			buildConfigurations = (
				79F3ABBF2808218300D068D9 /* Debug */,
				79F3ABC02808218300D068D9 /* Release */,
			);
			defaultConfigurationIsVisible = 0;
			defaultConfigurationName = Release;
		};
		79F3ABC12808218300D068D9 /* Build configuration list for PBXNativeTarget "Cahier du Professeur (macOS)" */ = {
			isa = XCConfigurationList;
			buildConfigurations = (
				79F3ABC22808218300D068D9 /* Debug */,
				79F3ABC32808218300D068D9 /* Release */,
			);
			defaultConfigurationIsVisible = 0;
			defaultConfigurationName = Release;
		};
		79F3ABC42808218300D068D9 /* Build configuration list for PBXNativeTarget "Tests iOS" */ = {
			isa = XCConfigurationList;
			buildConfigurations = (
				79F3ABC52808218300D068D9 /* Debug */,
				79F3ABC62808218300D068D9 /* Release */,
			);
			defaultConfigurationIsVisible = 0;
			defaultConfigurationName = Release;
		};
		79F3ABC72808218300D068D9 /* Build configuration list for PBXNativeTarget "Tests macOS" */ = {
			isa = XCConfigurationList;
			buildConfigurations = (
				79F3ABC82808218300D068D9 /* Debug */,
				79F3ABC92808218300D068D9 /* Release */,
			);
			defaultConfigurationIsVisible = 0;
			defaultConfigurationName = Release;
		};
/* End XCConfigurationList section */

/* Begin XCSwiftPackageProductDependency section */
		795FAB302809FB0B004CB120 /* HelpersView */ = {
			isa = XCSwiftPackageProductDependency;
			productName = HelpersView;
		};
		79E109EE28219AF700689212 /* FileAndFolder */ = {
			isa = XCSwiftPackageProductDependency;
			productName = FileAndFolder;
		};
		79E109F028219AF700689212 /* Persistable */ = {
			isa = XCSwiftPackageProductDependency;
			productName = Persistable;
		};
		79E109F228219AF700689212 /* Stateful */ = {
			isa = XCSwiftPackageProductDependency;
			productName = Stateful;
		};
		79F3ABDF2808305400D068D9 /* AppFoundation */ = {
			isa = XCSwiftPackageProductDependency;
			productName = AppFoundation;
		};
/* End XCSwiftPackageProductDependency section */
	};
	rootObject = 79F3AB892808218000D068D9 /* Project object */;
}
